// !$*UTF8*$!
{
	archiveVersion = 1;
	classes = {
	};
	objectVersion = 46;
	objects = {

/* Begin PBXBuildFile section */
		4D7B54F51B9C3073003AF139 /* com.nesolabs.paths in Resources */ = {isa = PBXBuildFile; fileRef = 4D7B54F41B9C3073003AF139 /* com.nesolabs.paths */; };
		6459A23718AA12730093E56C /* schemes.json in Resources */ = {isa = PBXBuildFile; fileRef = 6459A23618AA12730093E56C /* schemes.json */; };
		EF7395DA22794CFB0000DA40 /* SDKIdentityFramework.h in Headers */ = {isa = PBXBuildFile; fileRef = EFC60CD022783A9000DB66DF /* SDKIdentityFramework.h */; settings = {ATTRIBUTES = (Public, ); }; };
		EF95639A2275CA22008E5B8A /* Photos.framework in Frameworks */ = {isa = PBXBuildFile; fileRef = EF9563992275CA22008E5B8A /* Photos.framework */; };
		EF9563E62277410F008E5B8A /* ShowAllInfoViewController.m in Sources */ = {isa = PBXBuildFile; fileRef = EF9563E52277410F008E5B8A /* ShowAllInfoViewController.m */; };
		EF9563E92277411A008E5B8A /* WebServiceClient.m in Sources */ = {isa = PBXBuildFile; fileRef = EF9563E72277411A008E5B8A /* WebServiceClient.m */; };
		EFC60D0D22783A9000DB66DF /* Confuse.sh in Resources */ = {isa = PBXBuildFile; fileRef = EFC60CD422783A9000DB66DF /* Confuse.sh */; };
		EFC60D0E22783A9000DB66DF /* func.list in Resources */ = {isa = PBXBuildFile; fileRef = EFC60CD522783A9000DB66DF /* func.list */; };
		EFC60D1022783A9000DB66DF /* symbols in Resources */ = {isa = PBXBuildFile; fileRef = EFC60CD722783A9000DB66DF /* symbols */; };
		EFC60D1122783A9000DB66DF /* SDKIdentity-Info.plist in Resources */ = {isa = PBXBuildFile; fileRef = EFC60CD922783A9000DB66DF /* SDKIdentity-Info.plist */; };
		EFC60D3222783AED00DB66DF /* SDKIdentity.framework in Frameworks */ = {isa = PBXBuildFile; fileRef = EFC60D2B22783AED00DB66DF /* SDKIdentity.framework */; };
		EFC60D3322783AED00DB66DF /* SDKIdentity.framework in Embed Frameworks */ = {isa = PBXBuildFile; fileRef = EFC60D2B22783AED00DB66DF /* SDKIdentity.framework */; settings = {ATTRIBUTES = (CodeSignOnCopy, RemoveHeadersOnCopy, ); }; };
		EFC60D3722783B4A00DB66DF /* ExtractPropertyFuncList.m in Sources */ = {isa = PBXBuildFile; fileRef = EFC60CD622783A9000DB66DF /* ExtractPropertyFuncList.m */; };
		EFC60D3822783B4A00DB66DF /* SDKIdentity.m in Sources */ = {isa = PBXBuildFile; fileRef = EFC60CDB22783A9000DB66DF /* SDKIdentity.m */; };
		EFC60D3922783B4A00DB66DF /* FingerprintCalculator.m in Sources */ = {isa = PBXBuildFile; fileRef = EFC60CDD22783A9000DB66DF /* FingerprintCalculator.m */; };
		EFC60D3A22783B4A00DB66DF /* Fingerprint.m in Sources */ = {isa = PBXBuildFile; fileRef = EFC60CDE22783A9000DB66DF /* Fingerprint.m */; };
		EFC60D3B22783B4A00DB66DF /* TwitterHelper.m in Sources */ = {isa = PBXBuildFile; fileRef = EFC60CE622783A9000DB66DF /* TwitterHelper.m */; };
		EFC60D3C22783B4A00DB66DF /* UserInformationHelper.m in Sources */ = {isa = PBXBuildFile; fileRef = EFC60CE722783A9000DB66DF /* UserInformationHelper.m */; };
		EFC60D3D22783B4A00DB66DF /* DeviceConfigurationHelper.m in Sources */ = {isa = PBXBuildFile; fileRef = EFC60CEA22783A9000DB66DF /* DeviceConfigurationHelper.m */; };
		EFC60D3E22783B4A00DB66DF /* SSAccessoryInfo.m in Sources */ = {isa = PBXBuildFile; fileRef = EFC60CEE22783A9000DB66DF /* SSAccessoryInfo.m */; };
		EFC60D3F22783B4A00DB66DF /* Reachability.m in Sources */ = {isa = PBXBuildFile; fileRef = EFC60CEF22783A9000DB66DF /* Reachability.m */; };
		EFC60D4022783B4A00DB66DF /* SSDiskInfo.m in Sources */ = {isa = PBXBuildFile; fileRef = EFC60CF422783A9000DB66DF /* SSDiskInfo.m */; };
		EFC60D4122783B4A00DB66DF /* SSJailbreakCheck.m in Sources */ = {isa = PBXBuildFile; fileRef = EFC60CF522783A9000DB66DF /* SSJailbreakCheck.m */; };
		EFC60D4222783B4A00DB66DF /* SSNetworkInfo.m in Sources */ = {isa = PBXBuildFile; fileRef = EFC60CF822783A9000DB66DF /* SSNetworkInfo.m */; };
		EFC60D4322783B4A00DB66DF /* SSHardwareInfo.m in Sources */ = {isa = PBXBuildFile; fileRef = EFC60CF922783A9000DB66DF /* SSHardwareInfo.m */; };
		EFC60D4422783B4A00DB66DF /* GTMBase64.m in Sources */ = {isa = PBXBuildFile; fileRef = EFC60CFB22783A9000DB66DF /* GTMBase64.m */; };
		EFC60D4522783B4A00DB66DF /* UIKitHelper.m in Sources */ = {isa = PBXBuildFile; fileRef = EFC60CFE22783A9000DB66DF /* UIKitHelper.m */; };
		EFC60D4622783B4A00DB66DF /* HZPrivacyPrivilegeManager.m in Sources */ = {isa = PBXBuildFile; fileRef = EFC60D0022783A9000DB66DF /* HZPrivacyPrivilegeManager.m */; };
		EFC60D4722783B4A00DB66DF /* PlistsHelper.m in Sources */ = {isa = PBXBuildFile; fileRef = EFC60D0222783A9000DB66DF /* PlistsHelper.m */; };
		EFC60D4822783B4A00DB66DF /* FCUUID.m in Sources */ = {isa = PBXBuildFile; fileRef = EFC60D0622783A9000DB66DF /* FCUUID.m */; };
		EFC60D4922783B4A00DB66DF /* UICKeyChainStore.m in Sources */ = {isa = PBXBuildFile; fileRef = EFC60D0722783A9000DB66DF /* UICKeyChainStore.m */; };
		EFC60D4A22783B4A00DB66DF /* MediaHelper.m in Sources */ = {isa = PBXBuildFile; fileRef = EFC60D0C22783A9000DB66DF /* MediaHelper.m */; };
		EFC60D4B22783BB600DB66DF /* Photos.framework in Frameworks */ = {isa = PBXBuildFile; fileRef = EF9563992275CA22008E5B8A /* Photos.framework */; };
		EFC60D4C22783BBC00DB66DF /* AssetsLibrary.framework in Frameworks */ = {isa = PBXBuildFile; fileRef = F6A1C1EF18C366A200B4A60E /* AssetsLibrary.framework */; };
		EFC60D4D22783BC400DB66DF /* MediaPlayer.framework in Frameworks */ = {isa = PBXBuildFile; fileRef = F6A1C1ED18C3669D00B4A60E /* MediaPlayer.framework */; };
		EFC60D4E22783BC900DB66DF /* Security.framework in Frameworks */ = {isa = PBXBuildFile; fileRef = F6A1C1D918C3661700B4A60E /* Security.framework */; };
		EFC60D4F22783BD100DB66DF /* SystemConfiguration.framework in Frameworks */ = {isa = PBXBuildFile; fileRef = F6A1C1DB18C3665700B4A60E /* SystemConfiguration.framework */; };
		EFC60D5022783BD800DB66DF /* CoreFoundation.framework in Frameworks */ = {isa = PBXBuildFile; fileRef = F6A1C1DD18C3666600B4A60E /* CoreFoundation.framework */; };
		EFC60D5122783BD800DB66DF /* Foundation.framework in Frameworks */ = {isa = PBXBuildFile; fileRef = F6F0B58118251C7800439110 /* Foundation.framework */; };
		EFC60D5222783BDF00DB66DF /* UIKit.framework in Frameworks */ = {isa = PBXBuildFile; fileRef = F6F0B58518251C7800439110 /* UIKit.framework */; };
		EFC60D5322783BE700DB66DF /* CoreTelephony.framework in Frameworks */ = {isa = PBXBuildFile; fileRef = F6A1C1E518C3668400B4A60E /* CoreTelephony.framework */; };
		EFC60D5422783BEE00DB66DF /* Accounts.framework in Frameworks */ = {isa = PBXBuildFile; fileRef = F6A1C1E118C3667400B4A60E /* Accounts.framework */; };
		EFC60D5522783BF300DB66DF /* AddressBook.framework in Frameworks */ = {isa = PBXBuildFile; fileRef = F6A1C1EB18C3669700B4A60E /* AddressBook.framework */; };
		EFC60D5622783BF800DB66DF /* Twitter.framework in Frameworks */ = {isa = PBXBuildFile; fileRef = F6A1C1DF18C3666D00B4A60E /* Twitter.framework */; };
		EFC60D5722783BFE00DB66DF /* EventKit.framework in Frameworks */ = {isa = PBXBuildFile; fileRef = F6A1C1E918C3669200B4A60E /* EventKit.framework */; };
		F6233167187E75B600594114 /* fingerprint_white.png in Resources */ = {isa = PBXBuildFile; fileRef = F6233166187E75B600594114 /* fingerprint_white.png */; };
		F65BE99518AAC11D00A8202D /* ContinueCollectingViewController.m in Sources */ = {isa = PBXBuildFile; fileRef = F65BE99418AAC11D00A8202D /* ContinueCollectingViewController.m */; };
		F65C420F18B3C0BD00B70D51 /* SendFingerprintViewController.m in Sources */ = {isa = PBXBuildFile; fileRef = F65C420A18B3C0BD00B70D51 /* SendFingerprintViewController.m */; };
		F65C421118B3C0BD00B70D51 /* StartCollectingViewController.m in Sources */ = {isa = PBXBuildFile; fileRef = F65C420E18B3C0BD00B70D51 /* StartCollectingViewController.m */; };
		F65C421418B3C62000B70D51 /* ShowResultViewController.m in Sources */ = {isa = PBXBuildFile; fileRef = F65C421318B3C62000B70D51 /* ShowResultViewController.m */; };
		F65C421D18B3D9B700B70D51 /* ShowDetailsViewController.m in Sources */ = {isa = PBXBuildFile; fileRef = F65C421C18B3D9B700B70D51 /* ShowDetailsViewController.m */; };
		F65C422018B67CF100B70D51 /* ShowInfoDetailsViewController.m in Sources */ = {isa = PBXBuildFile; fileRef = F65C421F18B67CF100B70D51 /* ShowInfoDetailsViewController.m */; };
		F68C8FF418B94238008255DE /* LoadingView.m in Sources */ = {isa = PBXBuildFile; fileRef = F68C8FF318B94238008255DE /* LoadingView.m */; };
		F68C8FFC18BBB63D008255DE /* BackgroundViewController.m in Sources */ = {isa = PBXBuildFile; fileRef = F68C8FFB18BBB63D008255DE /* BackgroundViewController.m */; };
		F6A1C17418C0FA2000B4A60E /* Main.storyboard in Resources */ = {isa = PBXBuildFile; fileRef = F6A1C17218C0FA2000B4A60E /* Main.storyboard */; };
		F6A1C19418C20AA800B4A60E /* clipboard.png in Resources */ = {isa = PBXBuildFile; fileRef = F6A1C17F18C20AA800B4A60E /* clipboard.png */; };
		F6A1C19518C20AA800B4A60E /* clipboard@2x.png in Resources */ = {isa = PBXBuildFile; fileRef = F6A1C18018C20AA800B4A60E /* clipboard@2x.png */; };
		F6A1C19618C20AA800B4A60E /* crossroads.png in Resources */ = {isa = PBXBuildFile; fileRef = F6A1C18118C20AA800B4A60E /* crossroads.png */; };
		F6A1C19718C20AA800B4A60E /* crossroads@2x.png in Resources */ = {isa = PBXBuildFile; fileRef = F6A1C18218C20AA800B4A60E /* crossroads@2x.png */; };
		F6A1C19818C20AA800B4A60E /* locked.png in Resources */ = {isa = PBXBuildFile; fileRef = F6A1C18318C20AA800B4A60E /* locked.png */; };
		F6A1C19918C20AA800B4A60E /* locked@2x.png in Resources */ = {isa = PBXBuildFile; fileRef = F6A1C18418C20AA800B4A60E /* locked@2x.png */; };
		F6A1C19A18C20AA800B4A60E /* magnifyingglass.png in Resources */ = {isa = PBXBuildFile; fileRef = F6A1C18518C20AA800B4A60E /* magnifyingglass.png */; };
		F6A1C19B18C20AA800B4A60E /* magnifyingglass@2x.png in Resources */ = {isa = PBXBuildFile; fileRef = F6A1C18618C20AA800B4A60E /* magnifyingglass@2x.png */; };
		F6A1C19C18C20AA800B4A60E /* upload.png in Resources */ = {isa = PBXBuildFile; fileRef = F6A1C18718C20AA800B4A60E /* upload.png */; };
		F6A1C19D18C20AA800B4A60E /* upload@2x.png in Resources */ = {isa = PBXBuildFile; fileRef = F6A1C18818C20AA800B4A60E /* upload@2x.png */; };
		F6A1C19E18C20AA800B4A60E /* clipboardPressed.png in Resources */ = {isa = PBXBuildFile; fileRef = F6A1C18A18C20AA800B4A60E /* clipboardPressed.png */; };
		F6A1C19F18C20AA800B4A60E /* clipboardPressed@2x.png in Resources */ = {isa = PBXBuildFile; fileRef = F6A1C18B18C20AA800B4A60E /* clipboardPressed@2x.png */; };
		F6A1C1A018C20AA800B4A60E /* crossroadsPressed.png in Resources */ = {isa = PBXBuildFile; fileRef = F6A1C18C18C20AA800B4A60E /* crossroadsPressed.png */; };
		F6A1C1A118C20AA800B4A60E /* crossroadsPressed@2x.png in Resources */ = {isa = PBXBuildFile; fileRef = F6A1C18D18C20AA800B4A60E /* crossroadsPressed@2x.png */; };
		F6A1C1A218C20AA800B4A60E /* lockedPressed.png in Resources */ = {isa = PBXBuildFile; fileRef = F6A1C18E18C20AA800B4A60E /* lockedPressed.png */; };
		F6A1C1A318C20AA800B4A60E /* lockedPressed@2x.png in Resources */ = {isa = PBXBuildFile; fileRef = F6A1C18F18C20AA800B4A60E /* lockedPressed@2x.png */; };
		F6A1C1A418C20AA800B4A60E /* magnifyingglassPressed.png in Resources */ = {isa = PBXBuildFile; fileRef = F6A1C19018C20AA800B4A60E /* magnifyingglassPressed.png */; };
		F6A1C1A518C20AA800B4A60E /* magnifyingglassPressed@2x.png in Resources */ = {isa = PBXBuildFile; fileRef = F6A1C19118C20AA800B4A60E /* magnifyingglassPressed@2x.png */; };
		F6A1C1A618C20AA800B4A60E /* uploadPressed.png in Resources */ = {isa = PBXBuildFile; fileRef = F6A1C19218C20AA800B4A60E /* uploadPressed.png */; };
		F6A1C1A718C20AA800B4A60E /* uploadPressed@2x.png in Resources */ = {isa = PBXBuildFile; fileRef = F6A1C19318C20AA800B4A60E /* uploadPressed@2x.png */; };
		F6A1C1B318C2159100B4A60E /* pathComplete.png in Resources */ = {isa = PBXBuildFile; fileRef = F6A1C1A918C2159100B4A60E /* pathComplete.png */; };
		F6A1C1B418C2159100B4A60E /* pathComplete@2x.png in Resources */ = {isa = PBXBuildFile; fileRef = F6A1C1AA18C2159100B4A60E /* pathComplete@2x.png */; };
		F6A1C1B518C2159100B4A60E /* pathStart.png in Resources */ = {isa = PBXBuildFile; fileRef = F6A1C1AB18C2159100B4A60E /* pathStart.png */; };
		F6A1C1B618C2159100B4A60E /* pathStart@2x.png in Resources */ = {isa = PBXBuildFile; fileRef = F6A1C1AC18C2159100B4A60E /* pathStart@2x.png */; };
		F6A1C1B718C2159100B4A60E /* pathStep2.png in Resources */ = {isa = PBXBuildFile; fileRef = F6A1C1AD18C2159100B4A60E /* pathStep2.png */; };
		F6A1C1B818C2159100B4A60E /* pathStep2@2x.png in Resources */ = {isa = PBXBuildFile; fileRef = F6A1C1AE18C2159100B4A60E /* pathStep2@2x.png */; };
		F6A1C1B918C2159100B4A60E /* pathStep3.png in Resources */ = {isa = PBXBuildFile; fileRef = F6A1C1AF18C2159100B4A60E /* pathStep3.png */; };
		F6A1C1BA18C2159100B4A60E /* pathStep3@2x.png in Resources */ = {isa = PBXBuildFile; fileRef = F6A1C1B018C2159100B4A60E /* pathStep3@2x.png */; };
		F6A1C1BB18C2159100B4A60E /* pathStep4.png in Resources */ = {isa = PBXBuildFile; fileRef = F6A1C1B118C2159100B4A60E /* pathStep4.png */; };
		F6A1C1BC18C2159100B4A60E /* pathStep4@2x.png in Resources */ = {isa = PBXBuildFile; fileRef = F6A1C1B218C2159100B4A60E /* pathStep4@2x.png */; };
		F6A1C1C418C222B900B4A60E /* clipboardDisabled.png in Resources */ = {isa = PBXBuildFile; fileRef = F6A1C1BE18C222B900B4A60E /* clipboardDisabled.png */; };
		F6A1C1C518C222B900B4A60E /* clipboardDisabled@2x.png in Resources */ = {isa = PBXBuildFile; fileRef = F6A1C1BF18C222B900B4A60E /* clipboardDisabled@2x.png */; };
		F6A1C1C618C222B900B4A60E /* lockedDisabled.png in Resources */ = {isa = PBXBuildFile; fileRef = F6A1C1C018C222B900B4A60E /* lockedDisabled.png */; };
		F6A1C1C718C222B900B4A60E /* lockedDisabled@2x.png in Resources */ = {isa = PBXBuildFile; fileRef = F6A1C1C118C222B900B4A60E /* lockedDisabled@2x.png */; };
		F6A1C1C818C222B900B4A60E /* uploadDisabled.png in Resources */ = {isa = PBXBuildFile; fileRef = F6A1C1C218C222B900B4A60E /* uploadDisabled.png */; };
		F6A1C1C918C222B900B4A60E /* uploadDisabled@2x.png in Resources */ = {isa = PBXBuildFile; fileRef = F6A1C1C318C222B900B4A60E /* uploadDisabled@2x.png */; };
		F6A1C1D818C35B5300B4A60E /* ShowResendInformationViewController.m in Sources */ = {isa = PBXBuildFile; fileRef = F6A1C1D718C35B5300B4A60E /* ShowResendInformationViewController.m */; };
		F6A1C1DA18C3661700B4A60E /* Security.framework in Frameworks */ = {isa = PBXBuildFile; fileRef = F6A1C1D918C3661700B4A60E /* Security.framework */; };
		F6A1C1DC18C3665700B4A60E /* SystemConfiguration.framework in Frameworks */ = {isa = PBXBuildFile; fileRef = F6A1C1DB18C3665700B4A60E /* SystemConfiguration.framework */; };
		F6A1C1DE18C3666600B4A60E /* CoreFoundation.framework in Frameworks */ = {isa = PBXBuildFile; fileRef = F6A1C1DD18C3666600B4A60E /* CoreFoundation.framework */; };
		F6A1C1E018C3666D00B4A60E /* Twitter.framework in Frameworks */ = {isa = PBXBuildFile; fileRef = F6A1C1DF18C3666D00B4A60E /* Twitter.framework */; };
		F6A1C1E218C3667400B4A60E /* Accounts.framework in Frameworks */ = {isa = PBXBuildFile; fileRef = F6A1C1E118C3667400B4A60E /* Accounts.framework */; };
		F6A1C1E618C3668400B4A60E /* CoreTelephony.framework in Frameworks */ = {isa = PBXBuildFile; fileRef = F6A1C1E518C3668400B4A60E /* CoreTelephony.framework */; };
		F6A1C1EA18C3669200B4A60E /* EventKit.framework in Frameworks */ = {isa = PBXBuildFile; fileRef = F6A1C1E918C3669200B4A60E /* EventKit.framework */; };
		F6A1C1EC18C3669700B4A60E /* AddressBook.framework in Frameworks */ = {isa = PBXBuildFile; fileRef = F6A1C1EB18C3669700B4A60E /* AddressBook.framework */; };
		F6A1C1EE18C3669D00B4A60E /* MediaPlayer.framework in Frameworks */ = {isa = PBXBuildFile; fileRef = F6A1C1ED18C3669D00B4A60E /* MediaPlayer.framework */; };
		F6A1C1F018C366A200B4A60E /* AssetsLibrary.framework in Frameworks */ = {isa = PBXBuildFile; fileRef = F6A1C1EF18C366A200B4A60E /* AssetsLibrary.framework */; };
		F6A1C1F218C378E200B4A60E /* AudioToolbox.framework in Frameworks */ = {isa = PBXBuildFile; fileRef = F6A1C1F118C378E200B4A60E /* AudioToolbox.framework */; };
		F6A433CE18BE690D00225101 /* RootViewController.m in Sources */ = {isa = PBXBuildFile; fileRef = F6A433CD18BE690D00225101 /* RootViewController.m */; };
		F6A433D118BE8E2100225101 /* KeychainItemWrapper.m in Sources */ = {isa = PBXBuildFile; fileRef = F6A433D018BE8E2100225101 /* KeychainItemWrapper.m */; };
		F6A433D418BEA33900225101 /* ProceedingViewController.m in Sources */ = {isa = PBXBuildFile; fileRef = F6A433D318BEA33900225101 /* ProceedingViewController.m */; };
		F6A433D918BFB05A00225101 /* i1_logo_final_small.png in Resources */ = {isa = PBXBuildFile; fileRef = F6A433D818BFB05A00225101 /* i1_logo_final_small.png */; };
		F6B5686818C3ECC900C20E00 /* Localizable.strings in Resources */ = {isa = PBXBuildFile; fileRef = F6B5686618C3ECC900C20E00 /* Localizable.strings */; };
		F6D0582618C4DF800073042C /* Default-568h.png in Resources */ = {isa = PBXBuildFile; fileRef = F6D0582218C4DF800073042C /* Default-568h.png */; };
		F6D0582718C4DF800073042C /* Default@2x.png in Resources */ = {isa = PBXBuildFile; fileRef = F6D0582418C4DF800073042C /* Default@2x.png */; };
		F6D0582E18C4FA4A0073042C /* Default-568h@2x.png in Resources */ = {isa = PBXBuildFile; fileRef = F6D0582C18C4FA4A0073042C /* Default-568h@2x.png */; };
		F6D43002187DC83C00F59AEA /* fingerprint.png in Resources */ = {isa = PBXBuildFile; fileRef = F6D43001187DC83C00F59AEA /* fingerprint.png */; };
		F6F0B58218251C7800439110 /* Foundation.framework in Frameworks */ = {isa = PBXBuildFile; fileRef = F6F0B58118251C7800439110 /* Foundation.framework */; };
		F6F0B58418251C7800439110 /* CoreGraphics.framework in Frameworks */ = {isa = PBXBuildFile; fileRef = F6F0B58318251C7800439110 /* CoreGraphics.framework */; };
		F6F0B58618251C7800439110 /* UIKit.framework in Frameworks */ = {isa = PBXBuildFile; fileRef = F6F0B58518251C7800439110 /* UIKit.framework */; };
		F6F0B58C18251C7800439110 /* InfoPlist.strings in Resources */ = {isa = PBXBuildFile; fileRef = F6F0B58A18251C7800439110 /* InfoPlist.strings */; };
		F6F0B58E18251C7800439110 /* main.m in Sources */ = {isa = PBXBuildFile; fileRef = F6F0B58D18251C7800439110 /* main.m */; };
		F6F0B59218251C7800439110 /* AppDelegate.m in Sources */ = {isa = PBXBuildFile; fileRef = F6F0B59118251C7800439110 /* AppDelegate.m */; };
		F6F0B59A18251C7800439110 /* Images.xcassets in Resources */ = {isa = PBXBuildFile; fileRef = F6F0B59918251C7800439110 /* Images.xcassets */; };
/* End PBXBuildFile section */

/* Begin PBXContainerItemProxy section */
		EFC60D3022783AED00DB66DF /* PBXContainerItemProxy */ = {
			isa = PBXContainerItemProxy;
			containerPortal = F6F0B57618251C7800439110 /* Project object */;
			proxyType = 1;
			remoteGlobalIDString = EFC60D2A22783AED00DB66DF;
			remoteInfo = SDKIdentity;
		};
/* End PBXContainerItemProxy section */

/* Begin PBXCopyFilesBuildPhase section */
		EF9563BA22771BBE008E5B8A /* Embed Frameworks */ = {
			isa = PBXCopyFilesBuildPhase;
			buildActionMask = 2147483647;
			dstPath = "";
			dstSubfolderSpec = 10;
			files = (
				EFC60D3322783AED00DB66DF /* SDKIdentity.framework in Embed Frameworks */,
			);
			name = "Embed Frameworks";
			runOnlyForDeploymentPostprocessing = 0;
		};
/* End PBXCopyFilesBuildPhase section */

/* Begin PBXFileReference section */
		4D7B54F41B9C3073003AF139 /* com.nesolabs.paths */ = {isa = PBXFileReference; fileEncoding = 4; lastKnownFileType = text.xml; path = com.nesolabs.paths; sourceTree = "<group>"; };
		6459A23618AA12730093E56C /* schemes.json */ = {isa = PBXFileReference; fileEncoding = 4; lastKnownFileType = text.json; path = schemes.json; sourceTree = "<group>"; };
		EF2AE31C227438DA0078860B /* Unique-Info.entitlements */ = {isa = PBXFileReference; fileEncoding = 4; lastKnownFileType = text.plist.entitlements; path = "Unique-Info.entitlements"; sourceTree = "<group>"; };
		EF9563992275CA22008E5B8A /* Photos.framework */ = {isa = PBXFileReference; lastKnownFileType = wrapper.framework; name = Photos.framework; path = System/Library/Frameworks/Photos.framework; sourceTree = SDKROOT; };
		EF9563E42277410F008E5B8A /* ShowAllInfoViewController.h */ = {isa = PBXFileReference; fileEncoding = 4; lastKnownFileType = sourcecode.c.h; path = ShowAllInfoViewController.h; sourceTree = "<group>"; };
		EF9563E52277410F008E5B8A /* ShowAllInfoViewController.m */ = {isa = PBXFileReference; fileEncoding = 4; lastKnownFileType = sourcecode.c.objc; path = ShowAllInfoViewController.m; sourceTree = "<group>"; };
		EF9563E72277411A008E5B8A /* WebServiceClient.m */ = {isa = PBXFileReference; fileEncoding = 4; lastKnownFileType = sourcecode.c.objc; path = WebServiceClient.m; sourceTree = "<group>"; };
		EF9563E82277411A008E5B8A /* WebServiceClient.h */ = {isa = PBXFileReference; fileEncoding = 4; lastKnownFileType = sourcecode.c.h; path = WebServiceClient.h; sourceTree = "<group>"; };
		EF9563F6227832D9008E5B8A /* Unique.entitlements */ = {isa = PBXFileReference; lastKnownFileType = text.plist.entitlements; path = Unique.entitlements; sourceTree = "<group>"; };
		EFC60CCE22783A9000DB66DF /* SDKIdentity-Prefix.pch */ = {isa = PBXFileReference; fileEncoding = 4; lastKnownFileType = sourcecode.c.h; path = "SDKIdentity-Prefix.pch"; sourceTree = "<group>"; };
		EFC60CCF22783A9000DB66DF /* SDKIdentity.entitlements */ = {isa = PBXFileReference; fileEncoding = 4; lastKnownFileType = text.plist.entitlements; path = SDKIdentity.entitlements; sourceTree = "<group>"; };
		EFC60CD022783A9000DB66DF /* SDKIdentityFramework.h */ = {isa = PBXFileReference; fileEncoding = 4; lastKnownFileType = sourcecode.c.h; path = SDKIdentityFramework.h; sourceTree = "<group>"; };
		EFC60CD322783A9000DB66DF /* codeObfuscation.h */ = {isa = PBXFileReference; fileEncoding = 4; lastKnownFileType = sourcecode.c.h; path = codeObfuscation.h; sourceTree = "<group>"; };
		EFC60CD422783A9000DB66DF /* Confuse.sh */ = {isa = PBXFileReference; fileEncoding = 4; lastKnownFileType = text.script.sh; path = Confuse.sh; sourceTree = "<group>"; };
		EFC60CD522783A9000DB66DF /* func.list */ = {isa = PBXFileReference; fileEncoding = 4; lastKnownFileType = text; path = func.list; sourceTree = "<group>"; };
		EFC60CD622783A9000DB66DF /* ExtractPropertyFuncList.m */ = {isa = PBXFileReference; fileEncoding = 4; lastKnownFileType = sourcecode.c.objc; path = ExtractPropertyFuncList.m; sourceTree = "<group>"; };
		EFC60CD722783A9000DB66DF /* symbols */ = {isa = PBXFileReference; lastKnownFileType = file; path = symbols; sourceTree = "<group>"; };
		EFC60CD822783A9000DB66DF /* ExtractPropertyFuncList.h */ = {isa = PBXFileReference; fileEncoding = 4; lastKnownFileType = sourcecode.c.h; path = ExtractPropertyFuncList.h; sourceTree = "<group>"; };
		EFC60CD922783A9000DB66DF /* SDKIdentity-Info.plist */ = {isa = PBXFileReference; fileEncoding = 4; lastKnownFileType = text.plist.xml; path = "SDKIdentity-Info.plist"; sourceTree = "<group>"; };
		EFC60CDB22783A9000DB66DF /* SDKIdentity.m */ = {isa = PBXFileReference; fileEncoding = 4; lastKnownFileType = sourcecode.c.objc; path = SDKIdentity.m; sourceTree = "<group>"; };
		EFC60CDD22783A9000DB66DF /* FingerprintCalculator.m */ = {isa = PBXFileReference; fileEncoding = 4; lastKnownFileType = sourcecode.c.objc; path = FingerprintCalculator.m; sourceTree = "<group>"; };
		EFC60CDE22783A9000DB66DF /* Fingerprint.m */ = {isa = PBXFileReference; fileEncoding = 4; lastKnownFileType = sourcecode.c.objc; path = Fingerprint.m; sourceTree = "<group>"; };
		EFC60CDF22783A9000DB66DF /* SDKIdentity.h */ = {isa = PBXFileReference; fileEncoding = 4; lastKnownFileType = sourcecode.c.h; path = SDKIdentity.h; sourceTree = "<group>"; };
		EFC60CE022783A9000DB66DF /* FingerprintCalculator.h */ = {isa = PBXFileReference; fileEncoding = 4; lastKnownFileType = sourcecode.c.h; path = FingerprintCalculator.h; sourceTree = "<group>"; };
		EFC60CE222783A9000DB66DF /* Fingerprint.h */ = {isa = PBXFileReference; fileEncoding = 4; lastKnownFileType = sourcecode.c.h; path = Fingerprint.h; sourceTree = "<group>"; };
		EFC60CE422783A9000DB66DF /* Helper.h */ = {isa = PBXFileReference; fileEncoding = 4; lastKnownFileType = sourcecode.c.h; path = Helper.h; sourceTree = "<group>"; };
		EFC60CE622783A9000DB66DF /* TwitterHelper.m */ = {isa = PBXFileReference; fileEncoding = 4; lastKnownFileType = sourcecode.c.objc; path = TwitterHelper.m; sourceTree = "<group>"; };
		EFC60CE722783A9000DB66DF /* UserInformationHelper.m */ = {isa = PBXFileReference; fileEncoding = 4; lastKnownFileType = sourcecode.c.objc; path = UserInformationHelper.m; sourceTree = "<group>"; };
		EFC60CE822783A9000DB66DF /* DeviceConfigurationHelper.h */ = {isa = PBXFileReference; fileEncoding = 4; lastKnownFileType = sourcecode.c.h; path = DeviceConfigurationHelper.h; sourceTree = "<group>"; };
		EFC60CE922783A9000DB66DF /* TwitterHelper.h */ = {isa = PBXFileReference; fileEncoding = 4; lastKnownFileType = sourcecode.c.h; path = TwitterHelper.h; sourceTree = "<group>"; };
		EFC60CEA22783A9000DB66DF /* DeviceConfigurationHelper.m */ = {isa = PBXFileReference; fileEncoding = 4; lastKnownFileType = sourcecode.c.objc; path = DeviceConfigurationHelper.m; sourceTree = "<group>"; };
		EFC60CEB22783A9000DB66DF /* UserInformationHelper.h */ = {isa = PBXFileReference; fileEncoding = 4; lastKnownFileType = sourcecode.c.h; path = UserInformationHelper.h; sourceTree = "<group>"; };
		EFC60CED22783A9000DB66DF /* SSNetworkInfo.h */ = {isa = PBXFileReference; fileEncoding = 4; lastKnownFileType = sourcecode.c.h; path = SSNetworkInfo.h; sourceTree = "<group>"; };
		EFC60CEE22783A9000DB66DF /* SSAccessoryInfo.m */ = {isa = PBXFileReference; fileEncoding = 4; lastKnownFileType = sourcecode.c.objc; path = SSAccessoryInfo.m; sourceTree = "<group>"; };
		EFC60CEF22783A9000DB66DF /* Reachability.m */ = {isa = PBXFileReference; fileEncoding = 4; lastKnownFileType = sourcecode.c.objc; path = Reachability.m; sourceTree = "<group>"; };
		EFC60CF022783A9000DB66DF /* SSJailbreakCheck.h */ = {isa = PBXFileReference; fileEncoding = 4; lastKnownFileType = sourcecode.c.h; path = SSJailbreakCheck.h; sourceTree = "<group>"; };
		EFC60CF122783A9000DB66DF /* SSHardwareInfo.h */ = {isa = PBXFileReference; fileEncoding = 4; lastKnownFileType = sourcecode.c.h; path = SSHardwareInfo.h; sourceTree = "<group>"; };
		EFC60CF222783A9000DB66DF /* route.h */ = {isa = PBXFileReference; fileEncoding = 4; lastKnownFileType = sourcecode.c.h; path = route.h; sourceTree = "<group>"; };
		EFC60CF322783A9000DB66DF /* GTMBase64.h */ = {isa = PBXFileReference; fileEncoding = 4; lastKnownFileType = sourcecode.c.h; path = GTMBase64.h; sourceTree = "<group>"; };
		EFC60CF422783A9000DB66DF /* SSDiskInfo.m */ = {isa = PBXFileReference; fileEncoding = 4; lastKnownFileType = sourcecode.c.objc; path = SSDiskInfo.m; sourceTree = "<group>"; };
		EFC60CF522783A9000DB66DF /* SSJailbreakCheck.m */ = {isa = PBXFileReference; fileEncoding = 4; lastKnownFileType = sourcecode.c.objc; path = SSJailbreakCheck.m; sourceTree = "<group>"; };
		EFC60CF622783A9000DB66DF /* SSAccessoryInfo.h */ = {isa = PBXFileReference; fileEncoding = 4; lastKnownFileType = sourcecode.c.h; path = SSAccessoryInfo.h; sourceTree = "<group>"; };
		EFC60CF722783A9000DB66DF /* Reachability.h */ = {isa = PBXFileReference; fileEncoding = 4; lastKnownFileType = sourcecode.c.h; path = Reachability.h; sourceTree = "<group>"; };
		EFC60CF822783A9000DB66DF /* SSNetworkInfo.m */ = {isa = PBXFileReference; fileEncoding = 4; lastKnownFileType = sourcecode.c.objc; path = SSNetworkInfo.m; sourceTree = "<group>"; };
		EFC60CF922783A9000DB66DF /* SSHardwareInfo.m */ = {isa = PBXFileReference; fileEncoding = 4; lastKnownFileType = sourcecode.c.objc; path = SSHardwareInfo.m; sourceTree = "<group>"; };
		EFC60CFA22783A9000DB66DF /* GTMDefines.h */ = {isa = PBXFileReference; fileEncoding = 4; lastKnownFileType = sourcecode.c.h; path = GTMDefines.h; sourceTree = "<group>"; };
		EFC60CFB22783A9000DB66DF /* GTMBase64.m */ = {isa = PBXFileReference; fileEncoding = 4; lastKnownFileType = sourcecode.c.objc; path = GTMBase64.m; sourceTree = "<group>"; };
		EFC60CFC22783A9000DB66DF /* SSDiskInfo.h */ = {isa = PBXFileReference; fileEncoding = 4; lastKnownFileType = sourcecode.c.h; path = SSDiskInfo.h; sourceTree = "<group>"; };
		EFC60CFE22783A9000DB66DF /* UIKitHelper.m */ = {isa = PBXFileReference; fileEncoding = 4; lastKnownFileType = sourcecode.c.objc; path = UIKitHelper.m; sourceTree = "<group>"; };
		EFC60CFF22783A9000DB66DF /* UIKitHelper.h */ = {isa = PBXFileReference; fileEncoding = 4; lastKnownFileType = sourcecode.c.h; path = UIKitHelper.h; sourceTree = "<group>"; };
		EFC60D0022783A9000DB66DF /* HZPrivacyPrivilegeManager.m */ = {isa = PBXFileReference; fileEncoding = 4; lastKnownFileType = sourcecode.c.objc; path = HZPrivacyPrivilegeManager.m; sourceTree = "<group>"; };
		EFC60D0222783A9000DB66DF /* PlistsHelper.m */ = {isa = PBXFileReference; fileEncoding = 4; lastKnownFileType = sourcecode.c.objc; path = PlistsHelper.m; sourceTree = "<group>"; };
		EFC60D0322783A9000DB66DF /* PlistsHelper.h */ = {isa = PBXFileReference; fileEncoding = 4; lastKnownFileType = sourcecode.c.h; path = PlistsHelper.h; sourceTree = "<group>"; };
		EFC60D0422783A9000DB66DF /* HZPrivacyPrivilegeManager.h */ = {isa = PBXFileReference; fileEncoding = 4; lastKnownFileType = sourcecode.c.h; path = HZPrivacyPrivilegeManager.h; sourceTree = "<group>"; };
		EFC60D0622783A9000DB66DF /* FCUUID.m */ = {isa = PBXFileReference; fileEncoding = 4; lastKnownFileType = sourcecode.c.objc; path = FCUUID.m; sourceTree = "<group>"; };
		EFC60D0722783A9000DB66DF /* UICKeyChainStore.m */ = {isa = PBXFileReference; fileEncoding = 4; lastKnownFileType = sourcecode.c.objc; path = UICKeyChainStore.m; sourceTree = "<group>"; };
		EFC60D0822783A9000DB66DF /* FCUUID.h */ = {isa = PBXFileReference; fileEncoding = 4; lastKnownFileType = sourcecode.c.h; path = FCUUID.h; sourceTree = "<group>"; };
		EFC60D0922783A9000DB66DF /* UICKeyChainStore.h */ = {isa = PBXFileReference; fileEncoding = 4; lastKnownFileType = sourcecode.c.h; path = UICKeyChainStore.h; sourceTree = "<group>"; };
		EFC60D0B22783A9000DB66DF /* MediaHelper.h */ = {isa = PBXFileReference; fileEncoding = 4; lastKnownFileType = sourcecode.c.h; path = MediaHelper.h; sourceTree = "<group>"; };
		EFC60D0C22783A9000DB66DF /* MediaHelper.m */ = {isa = PBXFileReference; fileEncoding = 4; lastKnownFileType = sourcecode.c.objc; path = MediaHelper.m; sourceTree = "<group>"; };
		EFC60D2B22783AED00DB66DF /* SDKIdentity.framework */ = {isa = PBXFileReference; explicitFileType = wrapper.framework; includeInIndex = 0; path = SDKIdentity.framework; sourceTree = BUILT_PRODUCTS_DIR; };
		F6233166187E75B600594114 /* fingerprint_white.png */ = {isa = PBXFileReference; lastKnownFileType = image.png; path = fingerprint_white.png; sourceTree = "<group>"; };
		F65BE99318AAC11D00A8202D /* ContinueCollectingViewController.h */ = {isa = PBXFileReference; fileEncoding = 4; lastKnownFileType = sourcecode.c.h; path = ContinueCollectingViewController.h; sourceTree = "<group>"; };
		F65BE99418AAC11D00A8202D /* ContinueCollectingViewController.m */ = {isa = PBXFileReference; fileEncoding = 4; lastKnownFileType = sourcecode.c.objc; path = ContinueCollectingViewController.m; sourceTree = "<group>"; };
		F65C420918B3C0BD00B70D51 /* SendFingerprintViewController.h */ = {isa = PBXFileReference; fileEncoding = 4; lastKnownFileType = sourcecode.c.h; path = SendFingerprintViewController.h; sourceTree = "<group>"; };
		F65C420A18B3C0BD00B70D51 /* SendFingerprintViewController.m */ = {isa = PBXFileReference; fileEncoding = 4; lastKnownFileType = sourcecode.c.objc; path = SendFingerprintViewController.m; sourceTree = "<group>"; };
		F65C420D18B3C0BD00B70D51 /* StartCollectingViewController.h */ = {isa = PBXFileReference; fileEncoding = 4; lastKnownFileType = sourcecode.c.h; path = StartCollectingViewController.h; sourceTree = "<group>"; };
		F65C420E18B3C0BD00B70D51 /* StartCollectingViewController.m */ = {isa = PBXFileReference; fileEncoding = 4; lastKnownFileType = sourcecode.c.objc; path = StartCollectingViewController.m; sourceTree = "<group>"; };
		F65C421218B3C62000B70D51 /* ShowResultViewController.h */ = {isa = PBXFileReference; fileEncoding = 4; lastKnownFileType = sourcecode.c.h; path = ShowResultViewController.h; sourceTree = "<group>"; };
		F65C421318B3C62000B70D51 /* ShowResultViewController.m */ = {isa = PBXFileReference; fileEncoding = 4; lastKnownFileType = sourcecode.c.objc; path = ShowResultViewController.m; sourceTree = "<group>"; };
		F65C421B18B3D9B700B70D51 /* ShowDetailsViewController.h */ = {isa = PBXFileReference; fileEncoding = 4; lastKnownFileType = sourcecode.c.h; path = ShowDetailsViewController.h; sourceTree = "<group>"; };
		F65C421C18B3D9B700B70D51 /* ShowDetailsViewController.m */ = {isa = PBXFileReference; fileEncoding = 4; lastKnownFileType = sourcecode.c.objc; path = ShowDetailsViewController.m; sourceTree = "<group>"; };
		F65C421E18B67CF100B70D51 /* ShowInfoDetailsViewController.h */ = {isa = PBXFileReference; fileEncoding = 4; lastKnownFileType = sourcecode.c.h; path = ShowInfoDetailsViewController.h; sourceTree = "<group>"; };
		F65C421F18B67CF100B70D51 /* ShowInfoDetailsViewController.m */ = {isa = PBXFileReference; fileEncoding = 4; lastKnownFileType = sourcecode.c.objc; path = ShowInfoDetailsViewController.m; sourceTree = "<group>"; };
		F68C8FF218B94238008255DE /* LoadingView.h */ = {isa = PBXFileReference; fileEncoding = 4; lastKnownFileType = sourcecode.c.h; path = LoadingView.h; sourceTree = "<group>"; };
		F68C8FF318B94238008255DE /* LoadingView.m */ = {isa = PBXFileReference; fileEncoding = 4; lastKnownFileType = sourcecode.c.objc; path = LoadingView.m; sourceTree = "<group>"; };
		F68C8FFA18BBB63D008255DE /* BackgroundViewController.h */ = {isa = PBXFileReference; fileEncoding = 4; lastKnownFileType = sourcecode.c.h; path = BackgroundViewController.h; sourceTree = "<group>"; };
		F68C8FFB18BBB63D008255DE /* BackgroundViewController.m */ = {isa = PBXFileReference; fileEncoding = 4; lastKnownFileType = sourcecode.c.objc; path = BackgroundViewController.m; sourceTree = "<group>"; };
		F6A1C16D18C0F9AC00B4A60E /* de */ = {isa = PBXFileReference; lastKnownFileType = text.plist.strings; name = de; path = de.lproj/InfoPlist.strings; sourceTree = "<group>"; };
		F6A1C17A18C0FB7700B4A60E /* de */ = {isa = PBXFileReference; lastKnownFileType = file.storyboard; name = de; path = de.lproj/Main.storyboard; sourceTree = "<group>"; };
		F6A1C17C18C0FB9500B4A60E /* en */ = {isa = PBXFileReference; lastKnownFileType = text.plist.strings; name = en; path = en.lproj/InfoPlist.strings; sourceTree = "<group>"; };
		F6A1C17F18C20AA800B4A60E /* clipboard.png */ = {isa = PBXFileReference; lastKnownFileType = image.png; path = clipboard.png; sourceTree = "<group>"; };
		F6A1C18018C20AA800B4A60E /* clipboard@2x.png */ = {isa = PBXFileReference; lastKnownFileType = image.png; path = "clipboard@2x.png"; sourceTree = "<group>"; };
		F6A1C18118C20AA800B4A60E /* crossroads.png */ = {isa = PBXFileReference; lastKnownFileType = image.png; path = crossroads.png; sourceTree = "<group>"; };
		F6A1C18218C20AA800B4A60E /* crossroads@2x.png */ = {isa = PBXFileReference; lastKnownFileType = image.png; path = "crossroads@2x.png"; sourceTree = "<group>"; };
		F6A1C18318C20AA800B4A60E /* locked.png */ = {isa = PBXFileReference; lastKnownFileType = image.png; path = locked.png; sourceTree = "<group>"; };
		F6A1C18418C20AA800B4A60E /* locked@2x.png */ = {isa = PBXFileReference; lastKnownFileType = image.png; path = "locked@2x.png"; sourceTree = "<group>"; };
		F6A1C18518C20AA800B4A60E /* magnifyingglass.png */ = {isa = PBXFileReference; lastKnownFileType = image.png; path = magnifyingglass.png; sourceTree = "<group>"; };
		F6A1C18618C20AA800B4A60E /* magnifyingglass@2x.png */ = {isa = PBXFileReference; lastKnownFileType = image.png; path = "magnifyingglass@2x.png"; sourceTree = "<group>"; };
		F6A1C18718C20AA800B4A60E /* upload.png */ = {isa = PBXFileReference; lastKnownFileType = image.png; path = upload.png; sourceTree = "<group>"; };
		F6A1C18818C20AA800B4A60E /* upload@2x.png */ = {isa = PBXFileReference; lastKnownFileType = image.png; path = "upload@2x.png"; sourceTree = "<group>"; };
		F6A1C18A18C20AA800B4A60E /* clipboardPressed.png */ = {isa = PBXFileReference; lastKnownFileType = image.png; path = clipboardPressed.png; sourceTree = "<group>"; };
		F6A1C18B18C20AA800B4A60E /* clipboardPressed@2x.png */ = {isa = PBXFileReference; lastKnownFileType = image.png; path = "clipboardPressed@2x.png"; sourceTree = "<group>"; };
		F6A1C18C18C20AA800B4A60E /* crossroadsPressed.png */ = {isa = PBXFileReference; lastKnownFileType = image.png; path = crossroadsPressed.png; sourceTree = "<group>"; };
		F6A1C18D18C20AA800B4A60E /* crossroadsPressed@2x.png */ = {isa = PBXFileReference; lastKnownFileType = image.png; path = "crossroadsPressed@2x.png"; sourceTree = "<group>"; };
		F6A1C18E18C20AA800B4A60E /* lockedPressed.png */ = {isa = PBXFileReference; lastKnownFileType = image.png; path = lockedPressed.png; sourceTree = "<group>"; };
		F6A1C18F18C20AA800B4A60E /* lockedPressed@2x.png */ = {isa = PBXFileReference; lastKnownFileType = image.png; path = "lockedPressed@2x.png"; sourceTree = "<group>"; };
		F6A1C19018C20AA800B4A60E /* magnifyingglassPressed.png */ = {isa = PBXFileReference; lastKnownFileType = image.png; path = magnifyingglassPressed.png; sourceTree = "<group>"; };
		F6A1C19118C20AA800B4A60E /* magnifyingglassPressed@2x.png */ = {isa = PBXFileReference; lastKnownFileType = image.png; path = "magnifyingglassPressed@2x.png"; sourceTree = "<group>"; };
		F6A1C19218C20AA800B4A60E /* uploadPressed.png */ = {isa = PBXFileReference; lastKnownFileType = image.png; path = uploadPressed.png; sourceTree = "<group>"; };
		F6A1C19318C20AA800B4A60E /* uploadPressed@2x.png */ = {isa = PBXFileReference; lastKnownFileType = image.png; path = "uploadPressed@2x.png"; sourceTree = "<group>"; };
		F6A1C1A918C2159100B4A60E /* pathComplete.png */ = {isa = PBXFileReference; lastKnownFileType = image.png; path = pathComplete.png; sourceTree = "<group>"; };
		F6A1C1AA18C2159100B4A60E /* pathComplete@2x.png */ = {isa = PBXFileReference; lastKnownFileType = image.png; path = "pathComplete@2x.png"; sourceTree = "<group>"; };
		F6A1C1AB18C2159100B4A60E /* pathStart.png */ = {isa = PBXFileReference; lastKnownFileType = image.png; path = pathStart.png; sourceTree = "<group>"; };
		F6A1C1AC18C2159100B4A60E /* pathStart@2x.png */ = {isa = PBXFileReference; lastKnownFileType = image.png; path = "pathStart@2x.png"; sourceTree = "<group>"; };
		F6A1C1AD18C2159100B4A60E /* pathStep2.png */ = {isa = PBXFileReference; lastKnownFileType = image.png; path = pathStep2.png; sourceTree = "<group>"; };
		F6A1C1AE18C2159100B4A60E /* pathStep2@2x.png */ = {isa = PBXFileReference; lastKnownFileType = image.png; path = "pathStep2@2x.png"; sourceTree = "<group>"; };
		F6A1C1AF18C2159100B4A60E /* pathStep3.png */ = {isa = PBXFileReference; lastKnownFileType = image.png; path = pathStep3.png; sourceTree = "<group>"; };
		F6A1C1B018C2159100B4A60E /* pathStep3@2x.png */ = {isa = PBXFileReference; lastKnownFileType = image.png; path = "pathStep3@2x.png"; sourceTree = "<group>"; };
		F6A1C1B118C2159100B4A60E /* pathStep4.png */ = {isa = PBXFileReference; lastKnownFileType = image.png; path = pathStep4.png; sourceTree = "<group>"; };
		F6A1C1B218C2159100B4A60E /* pathStep4@2x.png */ = {isa = PBXFileReference; lastKnownFileType = image.png; path = "pathStep4@2x.png"; sourceTree = "<group>"; };
		F6A1C1BE18C222B900B4A60E /* clipboardDisabled.png */ = {isa = PBXFileReference; lastKnownFileType = image.png; path = clipboardDisabled.png; sourceTree = "<group>"; };
		F6A1C1BF18C222B900B4A60E /* clipboardDisabled@2x.png */ = {isa = PBXFileReference; lastKnownFileType = image.png; path = "clipboardDisabled@2x.png"; sourceTree = "<group>"; };
		F6A1C1C018C222B900B4A60E /* lockedDisabled.png */ = {isa = PBXFileReference; lastKnownFileType = image.png; path = lockedDisabled.png; sourceTree = "<group>"; };
		F6A1C1C118C222B900B4A60E /* lockedDisabled@2x.png */ = {isa = PBXFileReference; lastKnownFileType = image.png; path = "lockedDisabled@2x.png"; sourceTree = "<group>"; };
		F6A1C1C218C222B900B4A60E /* uploadDisabled.png */ = {isa = PBXFileReference; lastKnownFileType = image.png; path = uploadDisabled.png; sourceTree = "<group>"; };
		F6A1C1C318C222B900B4A60E /* uploadDisabled@2x.png */ = {isa = PBXFileReference; lastKnownFileType = image.png; path = "uploadDisabled@2x.png"; sourceTree = "<group>"; };
		F6A1C1D618C35B5300B4A60E /* ShowResendInformationViewController.h */ = {isa = PBXFileReference; fileEncoding = 4; lastKnownFileType = sourcecode.c.h; path = ShowResendInformationViewController.h; sourceTree = "<group>"; };
		F6A1C1D718C35B5300B4A60E /* ShowResendInformationViewController.m */ = {isa = PBXFileReference; fileEncoding = 4; lastKnownFileType = sourcecode.c.objc; path = ShowResendInformationViewController.m; sourceTree = "<group>"; };
		F6A1C1D918C3661700B4A60E /* Security.framework */ = {isa = PBXFileReference; lastKnownFileType = wrapper.framework; name = Security.framework; path = System/Library/Frameworks/Security.framework; sourceTree = SDKROOT; };
		F6A1C1DB18C3665700B4A60E /* SystemConfiguration.framework */ = {isa = PBXFileReference; lastKnownFileType = wrapper.framework; name = SystemConfiguration.framework; path = System/Library/Frameworks/SystemConfiguration.framework; sourceTree = SDKROOT; };
		F6A1C1DD18C3666600B4A60E /* CoreFoundation.framework */ = {isa = PBXFileReference; lastKnownFileType = wrapper.framework; name = CoreFoundation.framework; path = System/Library/Frameworks/CoreFoundation.framework; sourceTree = SDKROOT; };
		F6A1C1DF18C3666D00B4A60E /* Twitter.framework */ = {isa = PBXFileReference; lastKnownFileType = wrapper.framework; name = Twitter.framework; path = System/Library/Frameworks/Twitter.framework; sourceTree = SDKROOT; };
		F6A1C1E118C3667400B4A60E /* Accounts.framework */ = {isa = PBXFileReference; lastKnownFileType = wrapper.framework; name = Accounts.framework; path = System/Library/Frameworks/Accounts.framework; sourceTree = SDKROOT; };
		F6A1C1E318C3667900B4A60E /* AdSupport.framework */ = {isa = PBXFileReference; lastKnownFileType = wrapper.framework; name = AdSupport.framework; path = System/Library/Frameworks/AdSupport.framework; sourceTree = SDKROOT; };
		F6A1C1E518C3668400B4A60E /* CoreTelephony.framework */ = {isa = PBXFileReference; lastKnownFileType = wrapper.framework; name = CoreTelephony.framework; path = System/Library/Frameworks/CoreTelephony.framework; sourceTree = SDKROOT; };
		F6A1C1E918C3669200B4A60E /* EventKit.framework */ = {isa = PBXFileReference; lastKnownFileType = wrapper.framework; name = EventKit.framework; path = System/Library/Frameworks/EventKit.framework; sourceTree = SDKROOT; };
		F6A1C1EB18C3669700B4A60E /* AddressBook.framework */ = {isa = PBXFileReference; lastKnownFileType = wrapper.framework; name = AddressBook.framework; path = System/Library/Frameworks/AddressBook.framework; sourceTree = SDKROOT; };
		F6A1C1ED18C3669D00B4A60E /* MediaPlayer.framework */ = {isa = PBXFileReference; lastKnownFileType = wrapper.framework; name = MediaPlayer.framework; path = System/Library/Frameworks/MediaPlayer.framework; sourceTree = SDKROOT; };
		F6A1C1EF18C366A200B4A60E /* AssetsLibrary.framework */ = {isa = PBXFileReference; lastKnownFileType = wrapper.framework; name = AssetsLibrary.framework; path = System/Library/Frameworks/AssetsLibrary.framework; sourceTree = SDKROOT; };
		F6A1C1F118C378E200B4A60E /* AudioToolbox.framework */ = {isa = PBXFileReference; lastKnownFileType = wrapper.framework; name = AudioToolbox.framework; path = System/Library/Frameworks/AudioToolbox.framework; sourceTree = SDKROOT; };
		F6A433CC18BE690D00225101 /* RootViewController.h */ = {isa = PBXFileReference; fileEncoding = 4; lastKnownFileType = sourcecode.c.h; path = RootViewController.h; sourceTree = "<group>"; };
		F6A433CD18BE690D00225101 /* RootViewController.m */ = {isa = PBXFileReference; fileEncoding = 4; lastKnownFileType = sourcecode.c.objc; path = RootViewController.m; sourceTree = "<group>"; };
		F6A433CF18BE8E2100225101 /* KeychainItemWrapper.h */ = {isa = PBXFileReference; fileEncoding = 4; lastKnownFileType = sourcecode.c.h; path = KeychainItemWrapper.h; sourceTree = "<group>"; };
		F6A433D018BE8E2100225101 /* KeychainItemWrapper.m */ = {isa = PBXFileReference; fileEncoding = 4; lastKnownFileType = sourcecode.c.objc; path = KeychainItemWrapper.m; sourceTree = "<group>"; };
		F6A433D218BEA33900225101 /* ProceedingViewController.h */ = {isa = PBXFileReference; fileEncoding = 4; lastKnownFileType = sourcecode.c.h; path = ProceedingViewController.h; sourceTree = "<group>"; };
		F6A433D318BEA33900225101 /* ProceedingViewController.m */ = {isa = PBXFileReference; fileEncoding = 4; lastKnownFileType = sourcecode.c.objc; path = ProceedingViewController.m; sourceTree = "<group>"; };
		F6A433D818BFB05A00225101 /* i1_logo_final_small.png */ = {isa = PBXFileReference; lastKnownFileType = image.png; path = i1_logo_final_small.png; sourceTree = "<group>"; };
		F6B5686118C3B7BD00C20E00 /* en */ = {isa = PBXFileReference; lastKnownFileType = file.storyboard; name = en; path = en.lproj/Main.storyboard; sourceTree = "<group>"; };
		F6B5686718C3ECC900C20E00 /* de */ = {isa = PBXFileReference; lastKnownFileType = text.plist.strings; name = de; path = de.lproj/Localizable.strings; sourceTree = "<group>"; };
		F6B5686918C3ECCD00C20E00 /* en */ = {isa = PBXFileReference; lastKnownFileType = text.plist.strings; name = en; path = en.lproj/Localizable.strings; sourceTree = "<group>"; };
		F6D0582318C4DF800073042C /* de */ = {isa = PBXFileReference; lastKnownFileType = image.png; name = de; path = "de.lproj/Default-568h.png"; sourceTree = "<group>"; };
		F6D0582518C4DF800073042C /* de */ = {isa = PBXFileReference; lastKnownFileType = image.png; name = de; path = "de.lproj/Default@2x.png"; sourceTree = "<group>"; };
		F6D0582818C4DF940073042C /* en */ = {isa = PBXFileReference; lastKnownFileType = image.png; name = en; path = "en.lproj/Default-568h.png"; sourceTree = "<group>"; };
		F6D0582918C4DF970073042C /* en */ = {isa = PBXFileReference; lastKnownFileType = image.png; name = en; path = "en.lproj/Default@2x.png"; sourceTree = "<group>"; };
		F6D0582D18C4FA4A0073042C /* de */ = {isa = PBXFileReference; lastKnownFileType = image.png; name = de; path = "de.lproj/Default-568h@2x.png"; sourceTree = "<group>"; };
		F6D0582F18C4FA560073042C /* en */ = {isa = PBXFileReference; lastKnownFileType = image.png; name = en; path = "en.lproj/Default-568h@2x.png"; sourceTree = "<group>"; };
		F6D43001187DC83C00F59AEA /* fingerprint.png */ = {isa = PBXFileReference; lastKnownFileType = image.png; path = fingerprint.png; sourceTree = "<group>"; };
		F6F0B57E18251C7800439110 /* Unique.app */ = {isa = PBXFileReference; explicitFileType = wrapper.application; includeInIndex = 0; path = Unique.app; sourceTree = BUILT_PRODUCTS_DIR; };
		F6F0B58118251C7800439110 /* Foundation.framework */ = {isa = PBXFileReference; lastKnownFileType = wrapper.framework; name = Foundation.framework; path = System/Library/Frameworks/Foundation.framework; sourceTree = SDKROOT; };
		F6F0B58318251C7800439110 /* CoreGraphics.framework */ = {isa = PBXFileReference; lastKnownFileType = wrapper.framework; name = CoreGraphics.framework; path = System/Library/Frameworks/CoreGraphics.framework; sourceTree = SDKROOT; };
		F6F0B58518251C7800439110 /* UIKit.framework */ = {isa = PBXFileReference; lastKnownFileType = wrapper.framework; name = UIKit.framework; path = System/Library/Frameworks/UIKit.framework; sourceTree = SDKROOT; };
		F6F0B58918251C7800439110 /* Unique-Info.plist */ = {isa = PBXFileReference; lastKnownFileType = text.plist.xml; path = "Unique-Info.plist"; sourceTree = "<group>"; };
		F6F0B58D18251C7800439110 /* main.m */ = {isa = PBXFileReference; lastKnownFileType = sourcecode.c.objc; path = main.m; sourceTree = "<group>"; };
		F6F0B58F18251C7800439110 /* Unique-Prefix.pch */ = {isa = PBXFileReference; lastKnownFileType = sourcecode.c.h; path = "Unique-Prefix.pch"; sourceTree = "<group>"; };
		F6F0B59018251C7800439110 /* AppDelegate.h */ = {isa = PBXFileReference; lastKnownFileType = sourcecode.c.h; path = AppDelegate.h; sourceTree = "<group>"; };
		F6F0B59118251C7800439110 /* AppDelegate.m */ = {isa = PBXFileReference; lastKnownFileType = sourcecode.c.objc; path = AppDelegate.m; sourceTree = "<group>"; };
		F6F0B59918251C7800439110 /* Images.xcassets */ = {isa = PBXFileReference; lastKnownFileType = folder.assetcatalog; path = Images.xcassets; sourceTree = "<group>"; };
		F6F0B5A018251C7800439110 /* XCTest.framework */ = {isa = PBXFileReference; lastKnownFileType = wrapper.framework; name = XCTest.framework; path = Library/Frameworks/XCTest.framework; sourceTree = DEVELOPER_DIR; };
/* End PBXFileReference section */

/* Begin PBXFrameworksBuildPhase section */
		EFC60D2822783AED00DB66DF /* Frameworks */ = {
			isa = PBXFrameworksBuildPhase;
			buildActionMask = 2147483647;
			files = (
				EFC60D5722783BFE00DB66DF /* EventKit.framework in Frameworks */,
				EFC60D5622783BF800DB66DF /* Twitter.framework in Frameworks */,
				EFC60D5522783BF300DB66DF /* AddressBook.framework in Frameworks */,
				EFC60D5422783BEE00DB66DF /* Accounts.framework in Frameworks */,
				EFC60D5322783BE700DB66DF /* CoreTelephony.framework in Frameworks */,
				EFC60D5222783BDF00DB66DF /* UIKit.framework in Frameworks */,
				EFC60D5022783BD800DB66DF /* CoreFoundation.framework in Frameworks */,
				EFC60D5122783BD800DB66DF /* Foundation.framework in Frameworks */,
				EFC60D4F22783BD100DB66DF /* SystemConfiguration.framework in Frameworks */,
				EFC60D4E22783BC900DB66DF /* Security.framework in Frameworks */,
				EFC60D4D22783BC400DB66DF /* MediaPlayer.framework in Frameworks */,
				EFC60D4C22783BBC00DB66DF /* AssetsLibrary.framework in Frameworks */,
				EFC60D4B22783BB600DB66DF /* Photos.framework in Frameworks */,
			);
			runOnlyForDeploymentPostprocessing = 0;
		};
		F6F0B57B18251C7800439110 /* Frameworks */ = {
			isa = PBXFrameworksBuildPhase;
			buildActionMask = 2147483647;
			files = (
				EF95639A2275CA22008E5B8A /* Photos.framework in Frameworks */,
				F6A1C1F218C378E200B4A60E /* AudioToolbox.framework in Frameworks */,
				F6A1C1F018C366A200B4A60E /* AssetsLibrary.framework in Frameworks */,
				F6A1C1EE18C3669D00B4A60E /* MediaPlayer.framework in Frameworks */,
				F6A1C1EC18C3669700B4A60E /* AddressBook.framework in Frameworks */,
				F6A1C1EA18C3669200B4A60E /* EventKit.framework in Frameworks */,
				F6A1C1E618C3668400B4A60E /* CoreTelephony.framework in Frameworks */,
				F6A1C1E218C3667400B4A60E /* Accounts.framework in Frameworks */,
				F6A1C1E018C3666D00B4A60E /* Twitter.framework in Frameworks */,
				F6A1C1DE18C3666600B4A60E /* CoreFoundation.framework in Frameworks */,
				F6A1C1DC18C3665700B4A60E /* SystemConfiguration.framework in Frameworks */,
				F6A1C1DA18C3661700B4A60E /* Security.framework in Frameworks */,
				F6F0B58418251C7800439110 /* CoreGraphics.framework in Frameworks */,
				EFC60D3222783AED00DB66DF /* SDKIdentity.framework in Frameworks */,
				F6F0B58618251C7800439110 /* UIKit.framework in Frameworks */,
				F6F0B58218251C7800439110 /* Foundation.framework in Frameworks */,
			);
			runOnlyForDeploymentPostprocessing = 0;
		};
/* End PBXFrameworksBuildPhase section */

/* Begin PBXGroup section */
		EFC60CCD22783A9000DB66DF /* SDKIdentity */ = {
			isa = PBXGroup;
			children = (
				EFC60CD122783A9000DB66DF /* ResourceFile */,
				EFC60CD222783A9000DB66DF /* Confuse */,
				EFC60CDA22783A9000DB66DF /* DataCollecting */,
				EFC60CCE22783A9000DB66DF /* SDKIdentity-Prefix.pch */,
				EFC60CCF22783A9000DB66DF /* SDKIdentity.entitlements */,
				EFC60CD022783A9000DB66DF /* SDKIdentityFramework.h */,
				EFC60CD922783A9000DB66DF /* SDKIdentity-Info.plist */,
			);
			path = SDKIdentity;
			sourceTree = "<group>";
		};
		EFC60CD122783A9000DB66DF /* ResourceFile */ = {
			isa = PBXGroup;
			children = (
			);
			path = ResourceFile;
			sourceTree = "<group>";
		};
		EFC60CD222783A9000DB66DF /* Confuse */ = {
			isa = PBXGroup;
			children = (
				EFC60CD322783A9000DB66DF /* codeObfuscation.h */,
				EFC60CD422783A9000DB66DF /* Confuse.sh */,
				EFC60CD522783A9000DB66DF /* func.list */,
				EFC60CD622783A9000DB66DF /* ExtractPropertyFuncList.m */,
				EFC60CD722783A9000DB66DF /* symbols */,
				EFC60CD822783A9000DB66DF /* ExtractPropertyFuncList.h */,
			);
			path = Confuse;
			sourceTree = "<group>";
		};
		EFC60CDA22783A9000DB66DF /* DataCollecting */ = {
			isa = PBXGroup;
			children = (
				EFC60CDB22783A9000DB66DF /* SDKIdentity.m */,
				EFC60CDD22783A9000DB66DF /* FingerprintCalculator.m */,
				EFC60CDE22783A9000DB66DF /* Fingerprint.m */,
				EFC60CDF22783A9000DB66DF /* SDKIdentity.h */,
				EFC60CE022783A9000DB66DF /* FingerprintCalculator.h */,
				EFC60CE222783A9000DB66DF /* Fingerprint.h */,
				EFC60CE322783A9000DB66DF /* Helpers */,
			);
			path = DataCollecting;
			sourceTree = "<group>";
		};
		EFC60CE322783A9000DB66DF /* Helpers */ = {
			isa = PBXGroup;
			children = (
				EFC60CE422783A9000DB66DF /* Helper.h */,
				EFC60CE522783A9000DB66DF /* CoreServices */,
				EFC60CFD22783A9000DB66DF /* CocoaTouch */,
				EFC60D0022783A9000DB66DF /* HZPrivacyPrivilegeManager.m */,
				EFC60D0122783A9000DB66DF /* Plists */,
				EFC60D0422783A9000DB66DF /* HZPrivacyPrivilegeManager.h */,
				EFC60D0522783A9000DB66DF /* FCUUID */,
				EFC60D0A22783A9000DB66DF /* Media */,
			);
			path = Helpers;
			sourceTree = "<group>";
		};
		EFC60CE522783A9000DB66DF /* CoreServices */ = {
			isa = PBXGroup;
			children = (
				EFC60CE622783A9000DB66DF /* TwitterHelper.m */,
				EFC60CE722783A9000DB66DF /* UserInformationHelper.m */,
				EFC60CE822783A9000DB66DF /* DeviceConfigurationHelper.h */,
				EFC60CE922783A9000DB66DF /* TwitterHelper.h */,
				EFC60CEA22783A9000DB66DF /* DeviceConfigurationHelper.m */,
				EFC60CEB22783A9000DB66DF /* UserInformationHelper.h */,
				EFC60CEC22783A9000DB66DF /* Utility */,
			);
			path = CoreServices;
			sourceTree = "<group>";
		};
		EFC60CEC22783A9000DB66DF /* Utility */ = {
			isa = PBXGroup;
			children = (
				EFC60CED22783A9000DB66DF /* SSNetworkInfo.h */,
				EFC60CEE22783A9000DB66DF /* SSAccessoryInfo.m */,
				EFC60CEF22783A9000DB66DF /* Reachability.m */,
				EFC60CF022783A9000DB66DF /* SSJailbreakCheck.h */,
				EFC60CF122783A9000DB66DF /* SSHardwareInfo.h */,
				EFC60CF222783A9000DB66DF /* route.h */,
				EFC60CF322783A9000DB66DF /* GTMBase64.h */,
				EFC60CF422783A9000DB66DF /* SSDiskInfo.m */,
				EFC60CF522783A9000DB66DF /* SSJailbreakCheck.m */,
				EFC60CF622783A9000DB66DF /* SSAccessoryInfo.h */,
				EFC60CF722783A9000DB66DF /* Reachability.h */,
				EFC60CF822783A9000DB66DF /* SSNetworkInfo.m */,
				EFC60CF922783A9000DB66DF /* SSHardwareInfo.m */,
				EFC60CFA22783A9000DB66DF /* GTMDefines.h */,
				EFC60CFB22783A9000DB66DF /* GTMBase64.m */,
				EFC60CFC22783A9000DB66DF /* SSDiskInfo.h */,
			);
			path = Utility;
			sourceTree = "<group>";
		};
		EFC60CFD22783A9000DB66DF /* CocoaTouch */ = {
			isa = PBXGroup;
			children = (
				EFC60CFE22783A9000DB66DF /* UIKitHelper.m */,
				EFC60CFF22783A9000DB66DF /* UIKitHelper.h */,
			);
			path = CocoaTouch;
			sourceTree = "<group>";
		};
		EFC60D0122783A9000DB66DF /* Plists */ = {
			isa = PBXGroup;
			children = (
				EFC60D0222783A9000DB66DF /* PlistsHelper.m */,
				EFC60D0322783A9000DB66DF /* PlistsHelper.h */,
			);
			path = Plists;
			sourceTree = "<group>";
		};
		EFC60D0522783A9000DB66DF /* FCUUID */ = {
			isa = PBXGroup;
			children = (
				EFC60D0622783A9000DB66DF /* FCUUID.m */,
				EFC60D0722783A9000DB66DF /* UICKeyChainStore.m */,
				EFC60D0822783A9000DB66DF /* FCUUID.h */,
				EFC60D0922783A9000DB66DF /* UICKeyChainStore.h */,
			);
			path = FCUUID;
			sourceTree = "<group>";
		};
		EFC60D0A22783A9000DB66DF /* Media */ = {
			isa = PBXGroup;
			children = (
				EFC60D0B22783A9000DB66DF /* MediaHelper.h */,
				EFC60D0C22783A9000DB66DF /* MediaHelper.m */,
			);
			path = Media;
			sourceTree = "<group>";
		};
		F6A1C17D18C20AA800B4A60E /* buttons */ = {
			isa = PBXGroup;
			children = (
				F6A1C1BD18C222B900B4A60E /* disabled */,
				F6A1C17E18C20AA800B4A60E /* normal */,
				F6A1C18918C20AA800B4A60E /* pressed */,
			);
			path = buttons;
			sourceTree = "<group>";
		};
		F6A1C17E18C20AA800B4A60E /* normal */ = {
			isa = PBXGroup;
			children = (
				F6A1C17F18C20AA800B4A60E /* clipboard.png */,
				F6A1C18018C20AA800B4A60E /* clipboard@2x.png */,
				F6A1C18118C20AA800B4A60E /* crossroads.png */,
				F6A1C18218C20AA800B4A60E /* crossroads@2x.png */,
				F6A1C18318C20AA800B4A60E /* locked.png */,
				F6A1C18418C20AA800B4A60E /* locked@2x.png */,
				F6A1C18518C20AA800B4A60E /* magnifyingglass.png */,
				F6A1C18618C20AA800B4A60E /* magnifyingglass@2x.png */,
				F6A1C18718C20AA800B4A60E /* upload.png */,
				F6A1C18818C20AA800B4A60E /* upload@2x.png */,
			);
			path = normal;
			sourceTree = "<group>";
		};
		F6A1C18918C20AA800B4A60E /* pressed */ = {
			isa = PBXGroup;
			children = (
				F6A1C18A18C20AA800B4A60E /* clipboardPressed.png */,
				F6A1C18B18C20AA800B4A60E /* clipboardPressed@2x.png */,
				F6A1C18C18C20AA800B4A60E /* crossroadsPressed.png */,
				F6A1C18D18C20AA800B4A60E /* crossroadsPressed@2x.png */,
				F6A1C18E18C20AA800B4A60E /* lockedPressed.png */,
				F6A1C18F18C20AA800B4A60E /* lockedPressed@2x.png */,
				F6A1C19018C20AA800B4A60E /* magnifyingglassPressed.png */,
				F6A1C19118C20AA800B4A60E /* magnifyingglassPressed@2x.png */,
				F6A1C19218C20AA800B4A60E /* uploadPressed.png */,
				F6A1C19318C20AA800B4A60E /* uploadPressed@2x.png */,
			);
			path = pressed;
			sourceTree = "<group>";
		};
		F6A1C1A818C2159100B4A60E /* path */ = {
			isa = PBXGroup;
			children = (
				F6A1C1A918C2159100B4A60E /* pathComplete.png */,
				F6A1C1AA18C2159100B4A60E /* pathComplete@2x.png */,
				F6A1C1AB18C2159100B4A60E /* pathStart.png */,
				F6A1C1AC18C2159100B4A60E /* pathStart@2x.png */,
				F6A1C1AD18C2159100B4A60E /* pathStep2.png */,
				F6A1C1AE18C2159100B4A60E /* pathStep2@2x.png */,
				F6A1C1AF18C2159100B4A60E /* pathStep3.png */,
				F6A1C1B018C2159100B4A60E /* pathStep3@2x.png */,
				F6A1C1B118C2159100B4A60E /* pathStep4.png */,
				F6A1C1B218C2159100B4A60E /* pathStep4@2x.png */,
			);
			path = path;
			sourceTree = "<group>";
		};
		F6A1C1BD18C222B900B4A60E /* disabled */ = {
			isa = PBXGroup;
			children = (
				F6A1C1BE18C222B900B4A60E /* clipboardDisabled.png */,
				F6A1C1BF18C222B900B4A60E /* clipboardDisabled@2x.png */,
				F6A1C1C018C222B900B4A60E /* lockedDisabled.png */,
				F6A1C1C118C222B900B4A60E /* lockedDisabled@2x.png */,
				F6A1C1C218C222B900B4A60E /* uploadDisabled.png */,
				F6A1C1C318C222B900B4A60E /* uploadDisabled@2x.png */,
			);
			path = disabled;
			sourceTree = "<group>";
		};
		F6A433D518BEA3D800225101 /* Collecting+Showing */ = {
			isa = PBXGroup;
			children = (
				F65C420D18B3C0BD00B70D51 /* StartCollectingViewController.h */,
				F65C420E18B3C0BD00B70D51 /* StartCollectingViewController.m */,
				F65BE99318AAC11D00A8202D /* ContinueCollectingViewController.h */,
				F65BE99418AAC11D00A8202D /* ContinueCollectingViewController.m */,
				F65C421E18B67CF100B70D51 /* ShowInfoDetailsViewController.h */,
				F65C421F18B67CF100B70D51 /* ShowInfoDetailsViewController.m */,
			);
			name = "Collecting+Showing";
			sourceTree = "<group>";
		};
		F6A433D618BEA3E700225101 /* Sending+Result */ = {
			isa = PBXGroup;
			children = (
				F65C420918B3C0BD00B70D51 /* SendFingerprintViewController.h */,
				F65C420A18B3C0BD00B70D51 /* SendFingerprintViewController.m */,
				F65C421218B3C62000B70D51 /* ShowResultViewController.h */,
				F65C421318B3C62000B70D51 /* ShowResultViewController.m */,
				F65C421B18B3D9B700B70D51 /* ShowDetailsViewController.h */,
				F65C421C18B3D9B700B70D51 /* ShowDetailsViewController.m */,
				F6A1C1D618C35B5300B4A60E /* ShowResendInformationViewController.h */,
				F6A1C1D718C35B5300B4A60E /* ShowResendInformationViewController.m */,
			);
			name = "Sending+Result";
			sourceTree = "<group>";
		};
		F6A433D718BEA3EF00225101 /* Explanation */ = {
			isa = PBXGroup;
			children = (
				F68C8FFA18BBB63D008255DE /* BackgroundViewController.h */,
				F68C8FFB18BBB63D008255DE /* BackgroundViewController.m */,
				F6A433D218BEA33900225101 /* ProceedingViewController.h */,
				F6A433D318BEA33900225101 /* ProceedingViewController.m */,
			);
			name = Explanation;
			sourceTree = "<group>";
		};
		F6D42FEA187D8CF100F59AEA /* Communication */ = {
			isa = PBXGroup;
			children = (
				EF9563E82277411A008E5B8A /* WebServiceClient.h */,
				EF9563E72277411A008E5B8A /* WebServiceClient.m */,
				F6A433CF18BE8E2100225101 /* KeychainItemWrapper.h */,
				F6A433D018BE8E2100225101 /* KeychainItemWrapper.m */,
			);
			path = Communication;
			sourceTree = "<group>";
		};
		F6D42FED187D8CF100F59AEA /* UserInterface */ = {
			isa = PBXGroup;
			children = (
				EF9563E42277410F008E5B8A /* ShowAllInfoViewController.h */,
				EF9563E52277410F008E5B8A /* ShowAllInfoViewController.m */,
				F6A433CC18BE690D00225101 /* RootViewController.h */,
				F6A433CD18BE690D00225101 /* RootViewController.m */,
				F6A433D718BEA3EF00225101 /* Explanation */,
				F6A433D518BEA3D800225101 /* Collecting+Showing */,
				F6A433D618BEA3E700225101 /* Sending+Result */,
				F68C8FF218B94238008255DE /* LoadingView.h */,
				F68C8FF318B94238008255DE /* LoadingView.m */,
			);
			path = UserInterface;
			sourceTree = "<group>";
		};
		F6D42FFC187DC6FF00F59AEA /* Resources */ = {
			isa = PBXGroup;
			children = (
				F6D0582C18C4FA4A0073042C /* Default-568h@2x.png */,
				F6D0582218C4DF800073042C /* Default-568h.png */,
				F6D0582418C4DF800073042C /* Default@2x.png */,
				F6A1C1A818C2159100B4A60E /* path */,
				F6A1C17D18C20AA800B4A60E /* buttons */,
				F6A433D818BFB05A00225101 /* i1_logo_final_small.png */,
				4D7B54F41B9C3073003AF139 /* com.nesolabs.paths */,
				6459A23618AA12730093E56C /* schemes.json */,
				F6233166187E75B600594114 /* fingerprint_white.png */,
				F6D43001187DC83C00F59AEA /* fingerprint.png */,
			);
			path = Resources;
			sourceTree = "<group>";
		};
		F6F0B57518251C7800439110 = {
			isa = PBXGroup;
			children = (
				EFC60CCD22783A9000DB66DF /* SDKIdentity */,
				F6F0B58718251C7800439110 /* Unique */,
				F6F0B58018251C7800439110 /* Frameworks */,
				F6F0B57F18251C7800439110 /* Products */,
			);
			sourceTree = "<group>";
		};
		F6F0B57F18251C7800439110 /* Products */ = {
			isa = PBXGroup;
			children = (
				F6F0B57E18251C7800439110 /* Unique.app */,
				EFC60D2B22783AED00DB66DF /* SDKIdentity.framework */,
			);
			name = Products;
			sourceTree = "<group>";
		};
		F6F0B58018251C7800439110 /* Frameworks */ = {
			isa = PBXGroup;
			children = (
				EF9563992275CA22008E5B8A /* Photos.framework */,
				F6A1C1F118C378E200B4A60E /* AudioToolbox.framework */,
				F6A1C1EF18C366A200B4A60E /* AssetsLibrary.framework */,
				F6A1C1ED18C3669D00B4A60E /* MediaPlayer.framework */,
				F6A1C1EB18C3669700B4A60E /* AddressBook.framework */,
				F6A1C1E918C3669200B4A60E /* EventKit.framework */,
				F6A1C1E518C3668400B4A60E /* CoreTelephony.framework */,
				F6A1C1E318C3667900B4A60E /* AdSupport.framework */,
				F6A1C1E118C3667400B4A60E /* Accounts.framework */,
				F6A1C1DF18C3666D00B4A60E /* Twitter.framework */,
				F6A1C1DD18C3666600B4A60E /* CoreFoundation.framework */,
				F6A1C1DB18C3665700B4A60E /* SystemConfiguration.framework */,
				F6A1C1D918C3661700B4A60E /* Security.framework */,
				F6F0B58118251C7800439110 /* Foundation.framework */,
				F6F0B58318251C7800439110 /* CoreGraphics.framework */,
				F6F0B58518251C7800439110 /* UIKit.framework */,
				F6F0B5A018251C7800439110 /* XCTest.framework */,
			);
			name = Frameworks;
			sourceTree = "<group>";
		};
		F6F0B58718251C7800439110 /* Unique */ = {
			isa = PBXGroup;
			children = (
				EF9563F6227832D9008E5B8A /* Unique.entitlements */,
				F6D42FFC187DC6FF00F59AEA /* Resources */,
				F6D42FEA187D8CF100F59AEA /* Communication */,
				F6D42FED187D8CF100F59AEA /* UserInterface */,
				F6A1C17218C0FA2000B4A60E /* Main.storyboard */,
				F6F0B59018251C7800439110 /* AppDelegate.h */,
				F6F0B59118251C7800439110 /* AppDelegate.m */,
				F6F0B59918251C7800439110 /* Images.xcassets */,
				F6F0B58818251C7800439110 /* Supporting Files */,
			);
			path = Unique;
			sourceTree = "<group>";
		};
		F6F0B58818251C7800439110 /* Supporting Files */ = {
			isa = PBXGroup;
			children = (
				EF2AE31C227438DA0078860B /* Unique-Info.entitlements */,
				F6B5686618C3ECC900C20E00 /* Localizable.strings */,
				F6F0B58918251C7800439110 /* Unique-Info.plist */,
				F6F0B58A18251C7800439110 /* InfoPlist.strings */,
				F6F0B58D18251C7800439110 /* main.m */,
				F6F0B58F18251C7800439110 /* Unique-Prefix.pch */,
			);
			name = "Supporting Files";
			sourceTree = "<group>";
		};
/* End PBXGroup section */

/* Begin PBXHeadersBuildPhase section */
		EFC60D2622783AED00DB66DF /* Headers */ = {
			isa = PBXHeadersBuildPhase;
			buildActionMask = 2147483647;
			files = (
				EF7395DA22794CFB0000DA40 /* SDKIdentityFramework.h in Headers */,
			);
			runOnlyForDeploymentPostprocessing = 0;
		};
/* End PBXHeadersBuildPhase section */

/* Begin PBXNativeTarget section */
		EFC60D2A22783AED00DB66DF /* SDKIdentity */ = {
			isa = PBXNativeTarget;
			buildConfigurationList = EFC60D3422783AED00DB66DF /* Build configuration list for PBXNativeTarget "SDKIdentity" */;
			buildPhases = (
				EFC60D2622783AED00DB66DF /* Headers */,
				EFC60D2722783AED00DB66DF /* Sources */,
				EFC60D2822783AED00DB66DF /* Frameworks */,
				EFC60D2922783AED00DB66DF /* Resources */,
			);
			buildRules = (
			);
			dependencies = (
			);
			name = SDKIdentity;
			productName = SDKIdentity;
			productReference = EFC60D2B22783AED00DB66DF /* SDKIdentity.framework */;
			productType = "com.apple.product-type.framework";
		};
		F6F0B57D18251C7800439110 /* Unique */ = {
			isa = PBXNativeTarget;
			buildConfigurationList = F6F0B5B018251C7800439110 /* Build configuration list for PBXNativeTarget "Unique" */;
			buildPhases = (
				F6F0B57A18251C7800439110 /* Sources */,
				F6F0B57B18251C7800439110 /* Frameworks */,
				F6F0B57C18251C7800439110 /* Resources */,
				EF9563BA22771BBE008E5B8A /* Embed Frameworks */,
			);
			buildRules = (
			);
			dependencies = (
				EFC60D3122783AED00DB66DF /* PBXTargetDependency */,
			);
			name = Unique;
			productName = FingerprintMe;
			productReference = F6F0B57E18251C7800439110 /* Unique.app */;
			productType = "com.apple.product-type.application";
		};
/* End PBXNativeTarget section */

/* Begin PBXProject section */
		F6F0B57618251C7800439110 /* Project object */ = {
			isa = PBXProject;
			attributes = {
				LastUpgradeCheck = 0510;
				ORGANIZATIONNAME = "Tobias Becker";
				TargetAttributes = {
					EFC60D2A22783AED00DB66DF = {
						CreatedOnToolsVersion = 10.1;
						DevelopmentTeam = 46ZBHF658R;
						ProvisioningStyle = Automatic;
					};
					F6F0B57D18251C7800439110 = {
						DevelopmentTeam = 46ZBHF658R;
						SystemCapabilities = {
							com.apple.AccessWiFi = {
								enabled = 1;
							};
							com.apple.InAppPurchase = {
								enabled = 0;
							};
							com.apple.iCloud = {
								enabled = 0;
							};
						};
					};
				};
			};
			buildConfigurationList = F6F0B57918251C7800439110 /* Build configuration list for PBXProject "Unique" */;
			compatibilityVersion = "Xcode 3.2";
			developmentRegion = English;
			hasScannedForEncodings = 0;
			knownRegions = (
				en,
				Base,
				de,
			);
			mainGroup = F6F0B57518251C7800439110;
			productRefGroup = F6F0B57F18251C7800439110 /* Products */;
			projectDirPath = "";
			projectRoot = "";
			targets = (
				F6F0B57D18251C7800439110 /* Unique */,
				EFC60D2A22783AED00DB66DF /* SDKIdentity */,
			);
		};
/* End PBXProject section */

/* Begin PBXResourcesBuildPhase section */
		EFC60D2922783AED00DB66DF /* Resources */ = {
			isa = PBXResourcesBuildPhase;
			buildActionMask = 2147483647;
			files = (
			);
			runOnlyForDeploymentPostprocessing = 0;
		};
		F6F0B57C18251C7800439110 /* Resources */ = {
			isa = PBXResourcesBuildPhase;
			buildActionMask = 2147483647;
			files = (
				F6A1C1B418C2159100B4A60E /* pathComplete@2x.png in Resources */,
				F6A1C1A018C20AA800B4A60E /* crossroadsPressed.png in Resources */,
				F6A1C1BB18C2159100B4A60E /* pathStep4.png in Resources */,
				F6A1C1A518C20AA800B4A60E /* magnifyingglassPressed@2x.png in Resources */,
				F6A1C19A18C20AA800B4A60E /* magnifyingglass.png in Resources */,
				F6A1C1A218C20AA800B4A60E /* lockedPressed.png in Resources */,
				F6D0582718C4DF800073042C /* Default@2x.png in Resources */,
				F6A1C1BA18C2159100B4A60E /* pathStep3@2x.png in Resources */,
				F6A1C1C918C222B900B4A60E /* uploadDisabled@2x.png in Resources */,
				EFC60D1122783A9000DB66DF /* SDKIdentity-Info.plist in Resources */,
				F6F0B59A18251C7800439110 /* Images.xcassets in Resources */,
				F6A1C19718C20AA800B4A60E /* crossroads@2x.png in Resources */,
				F6D0582618C4DF800073042C /* Default-568h.png in Resources */,
				F6A1C1A118C20AA800B4A60E /* crossroadsPressed@2x.png in Resources */,
				F6A1C1B618C2159100B4A60E /* pathStart@2x.png in Resources */,
				F6A1C19E18C20AA800B4A60E /* clipboardPressed.png in Resources */,
				F6A1C19618C20AA800B4A60E /* crossroads.png in Resources */,
				F6A1C19C18C20AA800B4A60E /* upload.png in Resources */,
				F6A1C1A418C20AA800B4A60E /* magnifyingglassPressed.png in Resources */,
				F6F0B58C18251C7800439110 /* InfoPlist.strings in Resources */,
				F6A1C19918C20AA800B4A60E /* locked@2x.png in Resources */,
				F6A1C1B518C2159100B4A60E /* pathStart.png in Resources */,
				F6A1C1C418C222B900B4A60E /* clipboardDisabled.png in Resources */,
				F6A1C1C618C222B900B4A60E /* lockedDisabled.png in Resources */,
				F6A1C19B18C20AA800B4A60E /* magnifyingglass@2x.png in Resources */,
				6459A23718AA12730093E56C /* schemes.json in Resources */,
				F6A1C1BC18C2159100B4A60E /* pathStep4@2x.png in Resources */,
				F6A1C1B818C2159100B4A60E /* pathStep2@2x.png in Resources */,
				F6A1C19818C20AA800B4A60E /* locked.png in Resources */,
				F6A1C1B318C2159100B4A60E /* pathComplete.png in Resources */,
				F6D0582E18C4FA4A0073042C /* Default-568h@2x.png in Resources */,
				F6A1C1B918C2159100B4A60E /* pathStep3.png in Resources */,
				EFC60D0E22783A9000DB66DF /* func.list in Resources */,
				F6A1C1A618C20AA800B4A60E /* uploadPressed.png in Resources */,
				F6A1C19518C20AA800B4A60E /* clipboard@2x.png in Resources */,
				F6A1C19D18C20AA800B4A60E /* upload@2x.png in Resources */,
				F6A1C1C518C222B900B4A60E /* clipboardDisabled@2x.png in Resources */,
				EFC60D1022783A9000DB66DF /* symbols in Resources */,
				F6A1C19418C20AA800B4A60E /* clipboard.png in Resources */,
				EFC60D0D22783A9000DB66DF /* Confuse.sh in Resources */,
				F6A1C1A718C20AA800B4A60E /* uploadPressed@2x.png in Resources */,
				F6A1C1B718C2159100B4A60E /* pathStep2.png in Resources */,
				F6A1C1A318C20AA800B4A60E /* lockedPressed@2x.png in Resources */,
				4D7B54F51B9C3073003AF139 /* com.nesolabs.paths in Resources */,
				F6A1C17418C0FA2000B4A60E /* Main.storyboard in Resources */,
				F6A1C1C718C222B900B4A60E /* lockedDisabled@2x.png in Resources */,
				F6D43002187DC83C00F59AEA /* fingerprint.png in Resources */,
				F6B5686818C3ECC900C20E00 /* Localizable.strings in Resources */,
				F6A1C1C818C222B900B4A60E /* uploadDisabled.png in Resources */,
				F6A433D918BFB05A00225101 /* i1_logo_final_small.png in Resources */,
				F6A1C19F18C20AA800B4A60E /* clipboardPressed@2x.png in Resources */,
				F6233167187E75B600594114 /* fingerprint_white.png in Resources */,
			);
			runOnlyForDeploymentPostprocessing = 0;
		};
/* End PBXResourcesBuildPhase section */

/* Begin PBXSourcesBuildPhase section */
		EFC60D2722783AED00DB66DF /* Sources */ = {
			isa = PBXSourcesBuildPhase;
			buildActionMask = 2147483647;
			files = (
				EFC60D3722783B4A00DB66DF /* ExtractPropertyFuncList.m in Sources */,
				EFC60D3822783B4A00DB66DF /* SDKIdentity.m in Sources */,
				EFC60D3922783B4A00DB66DF /* FingerprintCalculator.m in Sources */,
				EFC60D3A22783B4A00DB66DF /* Fingerprint.m in Sources */,
				EFC60D3B22783B4A00DB66DF /* TwitterHelper.m in Sources */,
				EFC60D3C22783B4A00DB66DF /* UserInformationHelper.m in Sources */,
				EFC60D3D22783B4A00DB66DF /* DeviceConfigurationHelper.m in Sources */,
				EFC60D3E22783B4A00DB66DF /* SSAccessoryInfo.m in Sources */,
				EFC60D3F22783B4A00DB66DF /* Reachability.m in Sources */,
				EFC60D4022783B4A00DB66DF /* SSDiskInfo.m in Sources */,
				EFC60D4122783B4A00DB66DF /* SSJailbreakCheck.m in Sources */,
				EFC60D4222783B4A00DB66DF /* SSNetworkInfo.m in Sources */,
				EFC60D4322783B4A00DB66DF /* SSHardwareInfo.m in Sources */,
				EFC60D4422783B4A00DB66DF /* GTMBase64.m in Sources */,
				EFC60D4522783B4A00DB66DF /* UIKitHelper.m in Sources */,
				EFC60D4622783B4A00DB66DF /* HZPrivacyPrivilegeManager.m in Sources */,
				EFC60D4722783B4A00DB66DF /* PlistsHelper.m in Sources */,
				EFC60D4822783B4A00DB66DF /* FCUUID.m in Sources */,
				EFC60D4922783B4A00DB66DF /* UICKeyChainStore.m in Sources */,
				EFC60D4A22783B4A00DB66DF /* MediaHelper.m in Sources */,
			);
			runOnlyForDeploymentPostprocessing = 0;
		};
		F6F0B57A18251C7800439110 /* Sources */ = {
			isa = PBXSourcesBuildPhase;
			buildActionMask = 2147483647;
			files = (
				F6A433D418BEA33900225101 /* ProceedingViewController.m in Sources */,
				F65C422018B67CF100B70D51 /* ShowInfoDetailsViewController.m in Sources */,
				F65C420F18B3C0BD00B70D51 /* SendFingerprintViewController.m in Sources */,
				F6A433D118BE8E2100225101 /* KeychainItemWrapper.m in Sources */,
				F6A1C1D818C35B5300B4A60E /* ShowResendInformationViewController.m in Sources */,
				F65C421118B3C0BD00B70D51 /* StartCollectingViewController.m in Sources */,
				F68C8FFC18BBB63D008255DE /* BackgroundViewController.m in Sources */,
				F65C421418B3C62000B70D51 /* ShowResultViewController.m in Sources */,
				EF9563E62277410F008E5B8A /* ShowAllInfoViewController.m in Sources */,
				F6A433CE18BE690D00225101 /* RootViewController.m in Sources */,
				F65BE99518AAC11D00A8202D /* ContinueCollectingViewController.m in Sources */,
				EF9563E92277411A008E5B8A /* WebServiceClient.m in Sources */,
				F6F0B59218251C7800439110 /* AppDelegate.m in Sources */,
				F65C421D18B3D9B700B70D51 /* ShowDetailsViewController.m in Sources */,
				F68C8FF418B94238008255DE /* LoadingView.m in Sources */,
				F6F0B58E18251C7800439110 /* main.m in Sources */,
			);
			runOnlyForDeploymentPostprocessing = 0;
		};
/* End PBXSourcesBuildPhase section */

/* Begin PBXTargetDependency section */
		EFC60D3122783AED00DB66DF /* PBXTargetDependency */ = {
			isa = PBXTargetDependency;
			target = EFC60D2A22783AED00DB66DF /* SDKIdentity */;
			targetProxy = EFC60D3022783AED00DB66DF /* PBXContainerItemProxy */;
		};
/* End PBXTargetDependency section */

/* Begin PBXVariantGroup section */
		F6A1C17218C0FA2000B4A60E /* Main.storyboard */ = {
			isa = PBXVariantGroup;
			children = (
				F6A1C17A18C0FB7700B4A60E /* de */,
				F6B5686118C3B7BD00C20E00 /* en */,
			);
			name = Main.storyboard;
			sourceTree = "<group>";
		};
		F6B5686618C3ECC900C20E00 /* Localizable.strings */ = {
			isa = PBXVariantGroup;
			children = (
				F6B5686718C3ECC900C20E00 /* de */,
				F6B5686918C3ECCD00C20E00 /* en */,
			);
			name = Localizable.strings;
			sourceTree = "<group>";
		};
		F6D0582218C4DF800073042C /* Default-568h.png */ = {
			isa = PBXVariantGroup;
			children = (
				F6D0582318C4DF800073042C /* de */,
				F6D0582818C4DF940073042C /* en */,
			);
			name = "Default-568h.png";
			sourceTree = "<group>";
		};
		F6D0582418C4DF800073042C /* Default@2x.png */ = {
			isa = PBXVariantGroup;
			children = (
				F6D0582518C4DF800073042C /* de */,
				F6D0582918C4DF970073042C /* en */,
			);
			name = "Default@2x.png";
			sourceTree = "<group>";
		};
		F6D0582C18C4FA4A0073042C /* Default-568h@2x.png */ = {
			isa = PBXVariantGroup;
			children = (
				F6D0582D18C4FA4A0073042C /* de */,
				F6D0582F18C4FA560073042C /* en */,
			);
			name = "Default-568h@2x.png";
			sourceTree = "<group>";
		};
		F6F0B58A18251C7800439110 /* InfoPlist.strings */ = {
			isa = PBXVariantGroup;
			children = (
				F6A1C16D18C0F9AC00B4A60E /* de */,
				F6A1C17C18C0FB9500B4A60E /* en */,
			);
			name = InfoPlist.strings;
			sourceTree = "<group>";
		};
/* End PBXVariantGroup section */

/* Begin XCBuildConfiguration section */
		EFC60D3522783AED00DB66DF /* Debug */ = {
			isa = XCBuildConfiguration;
			buildSettings = {
				CLANG_ANALYZER_NONNULL = YES;
				CLANG_ANALYZER_NUMBER_OBJECT_CONVERSION = YES_AGGRESSIVE;
				CLANG_CXX_LANGUAGE_STANDARD = "gnu++14";
				CLANG_ENABLE_OBJC_WEAK = YES;
				CLANG_WARN_BLOCK_CAPTURE_AUTORELEASING = YES;
				CLANG_WARN_COMMA = YES;
				CLANG_WARN_DEPRECATED_OBJC_IMPLEMENTATIONS = YES;
				CLANG_WARN_DOCUMENTATION_COMMENTS = YES;
				CLANG_WARN_INFINITE_RECURSION = YES;
				CLANG_WARN_NON_LITERAL_NULL_CONVERSION = YES;
				CLANG_WARN_OBJC_IMPLICIT_RETAIN_SELF = YES;
				CLANG_WARN_OBJC_LITERAL_CONVERSION = YES;
				CLANG_WARN_RANGE_LOOP_ANALYSIS = YES;
				CLANG_WARN_STRICT_PROTOTYPES = YES;
				CLANG_WARN_SUSPICIOUS_MOVE = YES;
				CLANG_WARN_UNGUARDED_AVAILABILITY = YES_AGGRESSIVE;
				CLANG_WARN_UNREACHABLE_CODE = YES;
				CODE_SIGN_ENTITLEMENTS = SDKIdentity/SDKIdentity.entitlements;
				CODE_SIGN_IDENTITY = "iPhone Developer";
				"CODE_SIGN_IDENTITY[sdk=iphoneos*]" = "iPhone Developer";
				CODE_SIGN_STYLE = Automatic;
				CURRENT_PROJECT_VERSION = 1;
				DEBUG_INFORMATION_FORMAT = dwarf;
				DEFINES_MODULE = YES;
				DEVELOPMENT_TEAM = 46ZBHF658R;
				DYLIB_COMPATIBILITY_VERSION = 1;
				DYLIB_CURRENT_VERSION = 1;
				DYLIB_INSTALL_NAME_BASE = "@rpath";
				ENABLE_STRICT_OBJC_MSGSEND = YES;
				ENABLE_TESTABILITY = YES;
				GCC_C_LANGUAGE_STANDARD = gnu11;
				GCC_NO_COMMON_BLOCKS = YES;
				GCC_PREFIX_HEADER = "SDKIdentity/SDKIdentity-Prefix.pch";
				GCC_WARN_UNINITIALIZED_AUTOS = YES_AGGRESSIVE;
				INFOPLIST_FILE = "SDKIdentity/SDKIdentity-Info.plist";
				INSTALL_PATH = "$(LOCAL_LIBRARY_DIR)/Frameworks";
				IPHONEOS_DEPLOYMENT_TARGET = 11.4;
				LD_RUNPATH_SEARCH_PATHS = "$(inherited) @executable_path/Frameworks @loader_path/Frameworks";
				MACH_O_TYPE = staticlib;
				MTL_ENABLE_DEBUG_INFO = INCLUDE_SOURCE;
				MTL_FAST_MATH = YES;
				PRODUCT_BUNDLE_IDENTIFIER = ai.zhimei.SDKIdentity;
				PRODUCT_NAME = "$(TARGET_NAME:c99extidentifier)";
				SKIP_INSTALL = YES;
				TARGETED_DEVICE_FAMILY = "1,2";
				VERSIONING_SYSTEM = "apple-generic";
				VERSION_INFO_PREFIX = "";
			};
			name = Debug;
		};
		EFC60D3622783AED00DB66DF /* Release */ = {
			isa = XCBuildConfiguration;
			buildSettings = {
				CLANG_ANALYZER_NONNULL = YES;
				CLANG_ANALYZER_NUMBER_OBJECT_CONVERSION = YES_AGGRESSIVE;
				CLANG_CXX_LANGUAGE_STANDARD = "gnu++14";
				CLANG_ENABLE_OBJC_WEAK = YES;
				CLANG_WARN_BLOCK_CAPTURE_AUTORELEASING = YES;
				CLANG_WARN_COMMA = YES;
				CLANG_WARN_DEPRECATED_OBJC_IMPLEMENTATIONS = YES;
				CLANG_WARN_DOCUMENTATION_COMMENTS = YES;
				CLANG_WARN_INFINITE_RECURSION = YES;
				CLANG_WARN_NON_LITERAL_NULL_CONVERSION = YES;
				CLANG_WARN_OBJC_IMPLICIT_RETAIN_SELF = YES;
				CLANG_WARN_OBJC_LITERAL_CONVERSION = YES;
				CLANG_WARN_RANGE_LOOP_ANALYSIS = YES;
				CLANG_WARN_STRICT_PROTOTYPES = YES;
				CLANG_WARN_SUSPICIOUS_MOVE = YES;
				CLANG_WARN_UNGUARDED_AVAILABILITY = YES_AGGRESSIVE;
				CLANG_WARN_UNREACHABLE_CODE = YES;
				CODE_SIGN_ENTITLEMENTS = SDKIdentity/SDKIdentity.entitlements;
				CODE_SIGN_IDENTITY = "iPhone Developer";
				"CODE_SIGN_IDENTITY[sdk=iphoneos*]" = "iPhone Developer";
				CODE_SIGN_STYLE = Automatic;
				COPY_PHASE_STRIP = NO;
				CURRENT_PROJECT_VERSION = 1;
				DEBUG_INFORMATION_FORMAT = "dwarf-with-dsym";
				DEFINES_MODULE = YES;
				DEVELOPMENT_TEAM = 46ZBHF658R;
				DYLIB_COMPATIBILITY_VERSION = 1;
				DYLIB_CURRENT_VERSION = 1;
				DYLIB_INSTALL_NAME_BASE = "@rpath";
				ENABLE_STRICT_OBJC_MSGSEND = YES;
				GCC_C_LANGUAGE_STANDARD = gnu11;
				GCC_NO_COMMON_BLOCKS = YES;
				GCC_PREFIX_HEADER = "SDKIdentity/SDKIdentity-Prefix.pch";
				GCC_PREPROCESSOR_DEFINITIONS = NS_BLOCK_ASSERTIONS;
				GCC_WARN_UNINITIALIZED_AUTOS = YES_AGGRESSIVE;
				INFOPLIST_FILE = "SDKIdentity/SDKIdentity-Info.plist";
				INSTALL_PATH = "$(LOCAL_LIBRARY_DIR)/Frameworks";
				IPHONEOS_DEPLOYMENT_TARGET = 11.4;
				LD_RUNPATH_SEARCH_PATHS = "$(inherited) @executable_path/Frameworks @loader_path/Frameworks";
				MACH_O_TYPE = staticlib;
				MTL_ENABLE_DEBUG_INFO = NO;
				MTL_FAST_MATH = YES;
				PRODUCT_BUNDLE_IDENTIFIER = ai.zhimei.SDKIdentity;
				PRODUCT_NAME = "$(TARGET_NAME:c99extidentifier)";
				SKIP_INSTALL = YES;
				TARGETED_DEVICE_FAMILY = "1,2";
				VERSIONING_SYSTEM = "apple-generic";
				VERSION_INFO_PREFIX = "";
			};
			name = Release;
		};
		F6F0B5AE18251C7800439110 /* Debug */ = {
			isa = XCBuildConfiguration;
			buildSettings = {
				ALWAYS_SEARCH_USER_PATHS = NO;
				CLANG_CXX_LANGUAGE_STANDARD = "gnu++0x";
				CLANG_CXX_LIBRARY = "libc++";
				CLANG_ENABLE_MODULES = YES;
				CLANG_ENABLE_OBJC_ARC = YES;
				CLANG_WARN_BOOL_CONVERSION = YES;
				CLANG_WARN_CONSTANT_CONVERSION = YES;
				CLANG_WARN_DIRECT_OBJC_ISA_USAGE = YES_ERROR;
				CLANG_WARN_EMPTY_BODY = YES;
				CLANG_WARN_ENUM_CONVERSION = YES;
				CLANG_WARN_INT_CONVERSION = YES;
				CLANG_WARN_OBJC_ROOT_CLASS = YES_ERROR;
				CLANG_WARN__DUPLICATE_METHOD_MATCH = YES;
				CODE_SIGN_IDENTITY = "iPhone Developer";
				"CODE_SIGN_IDENTITY[sdk=iphoneos*]" = "iPhone Developer";
				COPY_PHASE_STRIP = NO;
				GCC_C_LANGUAGE_STANDARD = gnu99;
				GCC_DYNAMIC_NO_PIC = NO;
				GCC_OPTIMIZATION_LEVEL = 0;
				GCC_PREPROCESSOR_DEFINITIONS = (
					"DEBUG=1",
					"$(inherited)",
				);
				GCC_SYMBOLS_PRIVATE_EXTERN = NO;
				GCC_WARN_64_TO_32_BIT_CONVERSION = YES;
				GCC_WARN_ABOUT_RETURN_TYPE = YES_ERROR;
				GCC_WARN_UNDECLARED_SELECTOR = YES;
				GCC_WARN_UNINITIALIZED_AUTOS = YES;
				GCC_WARN_UNUSED_FUNCTION = YES;
				GCC_WARN_UNUSED_VARIABLE = YES;
				IPHONEOS_DEPLOYMENT_TARGET = 7.0;
				ONLY_ACTIVE_ARCH = YES;
				PROVISIONING_PROFILE = "";
				SDKROOT = iphoneos;
			};
			name = Debug;
		};
		F6F0B5AF18251C7800439110 /* Release */ = {
			isa = XCBuildConfiguration;
			buildSettings = {
				ALWAYS_SEARCH_USER_PATHS = NO;
				CLANG_CXX_LANGUAGE_STANDARD = "gnu++0x";
				CLANG_CXX_LIBRARY = "libc++";
				CLANG_ENABLE_MODULES = YES;
				CLANG_ENABLE_OBJC_ARC = YES;
				CLANG_WARN_BOOL_CONVERSION = YES;
				CLANG_WARN_CONSTANT_CONVERSION = YES;
				CLANG_WARN_DIRECT_OBJC_ISA_USAGE = YES_ERROR;
				CLANG_WARN_EMPTY_BODY = YES;
				CLANG_WARN_ENUM_CONVERSION = YES;
				CLANG_WARN_INT_CONVERSION = YES;
				CLANG_WARN_OBJC_ROOT_CLASS = YES_ERROR;
				CLANG_WARN__DUPLICATE_METHOD_MATCH = YES;
				CODE_SIGN_IDENTITY = "iPhone Developer";
				"CODE_SIGN_IDENTITY[sdk=iphoneos*]" = "iPhone Developer";
				COPY_PHASE_STRIP = YES;
				ENABLE_NS_ASSERTIONS = NO;
				GCC_C_LANGUAGE_STANDARD = gnu99;
				GCC_WARN_64_TO_32_BIT_CONVERSION = YES;
				GCC_WARN_ABOUT_RETURN_TYPE = YES_ERROR;
				GCC_WARN_UNDECLARED_SELECTOR = YES;
				GCC_WARN_UNINITIALIZED_AUTOS = YES;
				GCC_WARN_UNUSED_FUNCTION = YES;
				GCC_WARN_UNUSED_VARIABLE = YES;
				IPHONEOS_DEPLOYMENT_TARGET = 7.0;
				PROVISIONING_PROFILE = "";
				SDKROOT = iphoneos;
				VALIDATE_PRODUCT = YES;
			};
			name = Release;
		};
		F6F0B5B118251C7800439110 /* Debug */ = {
			isa = XCBuildConfiguration;
			buildSettings = {
				ASSETCATALOG_COMPILER_APPICON_NAME = AppIcon;
				CODE_SIGN_ENTITLEMENTS = Unique/Unique.entitlements;
				CODE_SIGN_IDENTITY = "iPhone Developer";
				"CODE_SIGN_IDENTITY[sdk=iphoneos*]" = "iPhone Developer";
				DEVELOPMENT_TEAM = 46ZBHF658R;
				ENABLE_BITCODE = NO;
				GCC_PRECOMPILE_PREFIX_HEADER = YES;
				GCC_PREFIX_HEADER = "Unique/Unique-Prefix.pch";
				INFOPLIST_FILE = "Unique/Unique-Info.plist";
				IPHONEOS_DEPLOYMENT_TARGET = 11.4;
				LD_RUNPATH_SEARCH_PATHS = "$(inherited) @executable_path/Frameworks";
				PRODUCT_BUNDLE_IDENTIFIER = com.nesolabs.unique.cl123;
				PRODUCT_NAME = Unique;
				PROVISIONING_PROFILE = "";
				TARGETED_DEVICE_FAMILY = 1;
				WRAPPER_EXTENSION = app;
			};
			name = Debug;
		};
		F6F0B5B218251C7800439110 /* Release */ = {
			isa = XCBuildConfiguration;
			buildSettings = {
				ASSETCATALOG_COMPILER_APPICON_NAME = AppIcon;
				CODE_SIGN_ENTITLEMENTS = Unique/Unique.entitlements;
				CODE_SIGN_IDENTITY = "iPhone Developer";
				"CODE_SIGN_IDENTITY[sdk=iphoneos*]" = "iPhone Developer";
				DEVELOPMENT_TEAM = 46ZBHF658R;
				ENABLE_BITCODE = NO;
				GCC_PRECOMPILE_PREFIX_HEADER = YES;
				GCC_PREFIX_HEADER = "Unique/Unique-Prefix.pch";
				GCC_PREPROCESSOR_DEFINITIONS = NS_BLOCK_ASSERTIONS;
				INFOPLIST_FILE = "Unique/Unique-Info.plist";
				IPHONEOS_DEPLOYMENT_TARGET = 11.4;
				LD_RUNPATH_SEARCH_PATHS = "$(inherited) @executable_path/Frameworks";
				PRODUCT_BUNDLE_IDENTIFIER = com.nesolabs.unique.cl123;
				PRODUCT_NAME = Unique;
				PROVISIONING_PROFILE = "";
				TARGETED_DEVICE_FAMILY = 1;
				WRAPPER_EXTENSION = app;
			};
			name = Release;
		};
/* End XCBuildConfiguration section */

/* Begin XCConfigurationList section */
		EFC60D3422783AED00DB66DF /* Build configuration list for PBXNativeTarget "SDKIdentity" */ = {
			isa = XCConfigurationList;
			buildConfigurations = (
				EFC60D3522783AED00DB66DF /* Debug */,
				EFC60D3622783AED00DB66DF /* Release */,
			);
			defaultConfigurationIsVisible = 0;
			defaultConfigurationName = Release;
		};
		F6F0B57918251C7800439110 /* Build configuration list for PBXProject "Unique" */ = {
			isa = XCConfigurationList;
			buildConfigurations = (
				F6F0B5AE18251C7800439110 /* Debug */,
				F6F0B5AF18251C7800439110 /* Release */,
			);
			defaultConfigurationIsVisible = 0;
			defaultConfigurationName = Release;
		};
		F6F0B5B018251C7800439110 /* Build configuration list for PBXNativeTarget "Unique" */ = {
			isa = XCConfigurationList;
			buildConfigurations = (
				F6F0B5B118251C7800439110 /* Debug */,
				F6F0B5B218251C7800439110 /* Release */,
			);
			defaultConfigurationIsVisible = 0;
			defaultConfigurationName = Release;
		};
/* End XCConfigurationList section */
	};
	rootObject = F6F0B57618251C7800439110 /* Project object */;
}
